// !$*UTF8*$!
{
	archiveVersion = 1;
	classes = {
	};
	objectVersion = 46;
	objects = {

/* Begin PBXBuildFile section */
		4D57EF390F63447C85EFF1B7 /* libPods.a in Frameworks */ = {isa = PBXBuildFile; fileRef = E0040420BDF14F82A25AD913 /* libPods.a */; };
		AC10BFCD1839139900324068 /* Foundation.framework in Frameworks */ = {isa = PBXBuildFile; fileRef = AC10BFCC1839139900324068 /* Foundation.framework */; };
		AC10BFCF1839139900324068 /* CoreGraphics.framework in Frameworks */ = {isa = PBXBuildFile; fileRef = AC10BFCE1839139900324068 /* CoreGraphics.framework */; };
		AC10BFD11839139900324068 /* UIKit.framework in Frameworks */ = {isa = PBXBuildFile; fileRef = AC10BFD01839139900324068 /* UIKit.framework */; };
		AC10BFD31839139900324068 /* CoreData.framework in Frameworks */ = {isa = PBXBuildFile; fileRef = AC10BFD21839139900324068 /* CoreData.framework */; };
		AC10BFD91839139A00324068 /* InfoPlist.strings in Resources */ = {isa = PBXBuildFile; fileRef = AC10BFD71839139A00324068 /* InfoPlist.strings */; };
		AC10BFDB1839139A00324068 /* main.m in Sources */ = {isa = PBXBuildFile; fileRef = AC10BFDA1839139A00324068 /* main.m */; };
		AC10BFDF1839139A00324068 /* ChopeAppDelegate.m in Sources */ = {isa = PBXBuildFile; fileRef = AC10BFDE1839139A00324068 /* ChopeAppDelegate.m */; };
		AC10BFE41839139A00324068 /* Images.xcassets in Resources */ = {isa = PBXBuildFile; fileRef = AC10BFE31839139A00324068 /* Images.xcassets */; };
		AC10BFEB1839139A00324068 /* XCTest.framework in Frameworks */ = {isa = PBXBuildFile; fileRef = AC10BFEA1839139A00324068 /* XCTest.framework */; };
		AC10BFEC1839139A00324068 /* Foundation.framework in Frameworks */ = {isa = PBXBuildFile; fileRef = AC10BFCC1839139900324068 /* Foundation.framework */; };
		AC10BFED1839139A00324068 /* UIKit.framework in Frameworks */ = {isa = PBXBuildFile; fileRef = AC10BFD01839139900324068 /* UIKit.framework */; };
		AC10BFEE1839139A00324068 /* CoreData.framework in Frameworks */ = {isa = PBXBuildFile; fileRef = AC10BFD21839139900324068 /* CoreData.framework */; };
		AC10BFF61839139A00324068 /* InfoPlist.strings in Resources */ = {isa = PBXBuildFile; fileRef = AC10BFF41839139A00324068 /* InfoPlist.strings */; };
		AC10BFF81839139A00324068 /* ChopeLibraryTests.m in Sources */ = {isa = PBXBuildFile; fileRef = AC10BFF71839139A00324068 /* ChopeLibraryTests.m */; };
		AC10C01E1839140A00324068 /* ChopeDeviceUtilTests.m in Sources */ = {isa = PBXBuildFile; fileRef = AC10C01C1839140A00324068 /* ChopeDeviceUtilTests.m */; };
		AC10C0A41839158200324068 /* ChopeViewController.m in Sources */ = {isa = PBXBuildFile; fileRef = AC10C0921839158200324068 /* ChopeViewController.m */; };
		AC10C0A51839158200324068 /* ChopeModel.m in Sources */ = {isa = PBXBuildFile; fileRef = AC10C0941839158200324068 /* ChopeModel.m */; };
		AC10C0A61839158200324068 /* ChopeNetwork.m in Sources */ = {isa = PBXBuildFile; fileRef = AC10C0971839158200324068 /* ChopeNetwork.m */; };
		AC10C0A91839158200324068 /* ChopeDeviceUtil.m in Sources */ = {isa = PBXBuildFile; fileRef = AC10C09E1839158200324068 /* ChopeDeviceUtil.m */; };
		AC10C0AA1839158200324068 /* ChopeStoryboardUtil.m in Sources */ = {isa = PBXBuildFile; fileRef = AC10C0A01839158200324068 /* ChopeStoryboardUtil.m */; };
		AC96749B1865C3590018F900 /* WebP.framework in Frameworks */ = {isa = PBXBuildFile; fileRef = AC96749A1865C3590018F900 /* WebP.framework */; };
		ACB688021872005D0058A00F /* ChopeTest.storyboard in Resources */ = {isa = PBXBuildFile; fileRef = ACB688011872005D0058A00F /* ChopeTest.storyboard */; };
		ACB68805187200810058A00F /* ChopeTestViewController.m in Sources */ = {isa = PBXBuildFile; fileRef = ACB68804187200810058A00F /* ChopeTestViewController.m */; };
		ACB7013E187823DD00493580 /* NSObject+ChopeValue.m in Sources */ = {isa = PBXBuildFile; fileRef = ACB7013D187823DD00493580 /* NSObject+ChopeValue.m */; };
		ACB701411878244000493580 /* NSObjectChopeValueTest.m in Sources */ = {isa = PBXBuildFile; fileRef = ACB701401878244000493580 /* NSObjectChopeValueTest.m */; };
		ACB701431878262300493580 /* NSDictionaryChopeValue.m in Sources */ = {isa = PBXBuildFile; fileRef = ACB701421878262300493580 /* NSDictionaryChopeValue.m */; };
		ACB7014618782F0700493580 /* ChopeDateUtil.m in Sources */ = {isa = PBXBuildFile; fileRef = ACB7014518782F0700493580 /* ChopeDateUtil.m */; };
		ACB701501878352E00493580 /* ChopeDateUtilTest.m in Sources */ = {isa = PBXBuildFile; fileRef = ACB7014F1878352E00493580 /* ChopeDateUtilTest.m */; };
		ACEC197218631A7B0014E681 /* README.md in Resources */ = {isa = PBXBuildFile; fileRef = ACEC197118631A7B0014E681 /* README.md */; };
		ACEC197418631AB80014E681 /* Podfile in Resources */ = {isa = PBXBuildFile; fileRef = ACEC197318631AB80014E681 /* Podfile */; };
		ACEC198118631D790014E681 /* NSDictionary+ChopeValue.m in Sources */ = {isa = PBXBuildFile; fileRef = ACEC197A18631D790014E681 /* NSDictionary+ChopeValue.m */; };
		ACEC198218631D790014E681 /* NSString+Chope.m in Sources */ = {isa = PBXBuildFile; fileRef = ACEC197C18631D790014E681 /* NSString+Chope.m */; };
		ACEC198318631D790014E681 /* NSString+ChopeSize.m in Sources */ = {isa = PBXBuildFile; fileRef = ACEC197E18631D790014E681 /* NSString+ChopeSize.m */; };
		ACEC198418631D790014E681 /* UIView+ChopeAnimation.m in Sources */ = {isa = PBXBuildFile; fileRef = ACEC198018631D790014E681 /* UIView+ChopeAnimation.m */; };
		ACEC198918632ADE0014E681 /* ChopeLibrary.podspec in Resources */ = {isa = PBXBuildFile; fileRef = ACEC198818632ADE0014E681 /* ChopeLibrary.podspec */; };
		ACEC198E186331F00014E681 /* UIView+ChopeView.m in Sources */ = {isa = PBXBuildFile; fileRef = ACEC198D186331F00014E681 /* UIView+ChopeView.m */; };
		ACEC19911863329E0014E681 /* UIScrollView+ChopePage.m in Sources */ = {isa = PBXBuildFile; fileRef = ACEC19901863329E0014E681 /* UIScrollView+ChopePage.m */; };
		ACEC1994186332F10014E681 /* UILabel+ChopeResize.m in Sources */ = {isa = PBXBuildFile; fileRef = ACEC1993186332F10014E681 /* UILabel+ChopeResize.m */; };
		ACEC199B186334BE0014E681 /* UIImage+ChopeImage.m in Sources */ = {isa = PBXBuildFile; fileRef = ACEC199A186334BE0014E681 /* UIImage+ChopeImage.m */; };
		ACEC199E18633C9C0014E681 /* ChopeLinearView.m in Sources */ = {isa = PBXBuildFile; fileRef = ACEC199D18633C9C0014E681 /* ChopeLinearView.m */; };
		ACEC19A118633DA90014E681 /* UIApplication+ChopeApplication.m in Sources */ = {isa = PBXBuildFile; fileRef = ACEC19A018633DA90014E681 /* UIApplication+ChopeApplication.m */; };
/* End PBXBuildFile section */

/* Begin PBXContainerItemProxy section */
		AC10BFEF1839139A00324068 /* PBXContainerItemProxy */ = {
			isa = PBXContainerItemProxy;
			containerPortal = AC10BFC11839139900324068 /* Project object */;
			proxyType = 1;
			remoteGlobalIDString = AC10BFC81839139900324068;
			remoteInfo = ChopeLibrary;
		};
/* End PBXContainerItemProxy section */

/* Begin PBXFileReference section */
		4B7866A3B3B444648A647880 /* Pods.xcconfig */ = {isa = PBXFileReference; includeInIndex = 1; lastKnownFileType = text.xcconfig; name = Pods.xcconfig; path = Pods/Pods.xcconfig; sourceTree = "<group>"; };
		AC10BFC91839139900324068 /* ChopeLibrary.app */ = {isa = PBXFileReference; explicitFileType = wrapper.application; includeInIndex = 0; path = ChopeLibrary.app; sourceTree = BUILT_PRODUCTS_DIR; };
		AC10BFCC1839139900324068 /* Foundation.framework */ = {isa = PBXFileReference; lastKnownFileType = wrapper.framework; name = Foundation.framework; path = System/Library/Frameworks/Foundation.framework; sourceTree = SDKROOT; };
		AC10BFCE1839139900324068 /* CoreGraphics.framework */ = {isa = PBXFileReference; lastKnownFileType = wrapper.framework; name = CoreGraphics.framework; path = System/Library/Frameworks/CoreGraphics.framework; sourceTree = SDKROOT; };
		AC10BFD01839139900324068 /* UIKit.framework */ = {isa = PBXFileReference; lastKnownFileType = wrapper.framework; name = UIKit.framework; path = System/Library/Frameworks/UIKit.framework; sourceTree = SDKROOT; };
		AC10BFD21839139900324068 /* CoreData.framework */ = {isa = PBXFileReference; lastKnownFileType = wrapper.framework; name = CoreData.framework; path = System/Library/Frameworks/CoreData.framework; sourceTree = SDKROOT; };
		AC10BFD61839139A00324068 /* ChopeLibrary-Info.plist */ = {isa = PBXFileReference; lastKnownFileType = text.plist.xml; path = "ChopeLibrary-Info.plist"; sourceTree = "<group>"; };
		AC10BFD81839139A00324068 /* en */ = {isa = PBXFileReference; lastKnownFileType = text.plist.strings; name = en; path = en.lproj/InfoPlist.strings; sourceTree = "<group>"; };
		AC10BFDA1839139A00324068 /* main.m */ = {isa = PBXFileReference; lastKnownFileType = sourcecode.c.objc; path = main.m; sourceTree = "<group>"; };
		AC10BFDC1839139A00324068 /* ChopeLibrary-Prefix.pch */ = {isa = PBXFileReference; lastKnownFileType = sourcecode.c.h; path = "ChopeLibrary-Prefix.pch"; sourceTree = "<group>"; };
		AC10BFDD1839139A00324068 /* ChopeAppDelegate.h */ = {isa = PBXFileReference; lastKnownFileType = sourcecode.c.h; path = ChopeAppDelegate.h; sourceTree = "<group>"; };
		AC10BFDE1839139A00324068 /* ChopeAppDelegate.m */ = {isa = PBXFileReference; lastKnownFileType = sourcecode.c.objc; path = ChopeAppDelegate.m; sourceTree = "<group>"; };
		AC10BFE31839139A00324068 /* Images.xcassets */ = {isa = PBXFileReference; lastKnownFileType = folder.assetcatalog; path = Images.xcassets; sourceTree = "<group>"; };
		AC10BFE91839139A00324068 /* ChopeLibraryTests.xctest */ = {isa = PBXFileReference; explicitFileType = wrapper.cfbundle; includeInIndex = 0; path = ChopeLibraryTests.xctest; sourceTree = BUILT_PRODUCTS_DIR; };
		AC10BFEA1839139A00324068 /* XCTest.framework */ = {isa = PBXFileReference; lastKnownFileType = wrapper.framework; name = XCTest.framework; path = Library/Frameworks/XCTest.framework; sourceTree = DEVELOPER_DIR; };
		AC10BFF31839139A00324068 /* ChopeLibraryTests-Info.plist */ = {isa = PBXFileReference; lastKnownFileType = text.plist.xml; path = "ChopeLibraryTests-Info.plist"; sourceTree = "<group>"; };
		AC10BFF51839139A00324068 /* en */ = {isa = PBXFileReference; lastKnownFileType = text.plist.strings; name = en; path = en.lproj/InfoPlist.strings; sourceTree = "<group>"; };
		AC10BFF71839139A00324068 /* ChopeLibraryTests.m */ = {isa = PBXFileReference; lastKnownFileType = sourcecode.c.objc; path = ChopeLibraryTests.m; sourceTree = "<group>"; };
		AC10C01C1839140A00324068 /* ChopeDeviceUtilTests.m */ = {isa = PBXFileReference; fileEncoding = 4; lastKnownFileType = sourcecode.c.objc; path = ChopeDeviceUtilTests.m; sourceTree = "<group>"; };
		AC10C0551839147200324068 /* SystemConfiguration.framework */ = {isa = PBXFileReference; lastKnownFileType = wrapper.framework; name = SystemConfiguration.framework; path = System/Library/Frameworks/SystemConfiguration.framework; sourceTree = SDKROOT; };
		AC10C0571839147700324068 /* MobileCoreServices.framework */ = {isa = PBXFileReference; lastKnownFileType = wrapper.framework; name = MobileCoreServices.framework; path = System/Library/Frameworks/MobileCoreServices.framework; sourceTree = SDKROOT; };
		AC10C0911839158200324068 /* ChopeViewController.h */ = {isa = PBXFileReference; fileEncoding = 4; lastKnownFileType = sourcecode.c.h; path = ChopeViewController.h; sourceTree = "<group>"; };
		AC10C0921839158200324068 /* ChopeViewController.m */ = {isa = PBXFileReference; fileEncoding = 4; lastKnownFileType = sourcecode.c.objc; path = ChopeViewController.m; sourceTree = "<group>"; };
		AC10C0931839158200324068 /* ChopeModel.h */ = {isa = PBXFileReference; fileEncoding = 4; lastKnownFileType = sourcecode.c.h; path = ChopeModel.h; sourceTree = "<group>"; };
		AC10C0941839158200324068 /* ChopeModel.m */ = {isa = PBXFileReference; fileEncoding = 4; lastKnownFileType = sourcecode.c.objc; path = ChopeModel.m; sourceTree = "<group>"; };
		AC10C0961839158200324068 /* ChopeNetwork.h */ = {isa = PBXFileReference; fileEncoding = 4; lastKnownFileType = sourcecode.c.h; path = ChopeNetwork.h; sourceTree = "<group>"; };
		AC10C0971839158200324068 /* ChopeNetwork.m */ = {isa = PBXFileReference; fileEncoding = 4; lastKnownFileType = sourcecode.c.objc; path = ChopeNetwork.m; sourceTree = "<group>"; };
		AC10C09D1839158200324068 /* ChopeDeviceUtil.h */ = {isa = PBXFileReference; fileEncoding = 4; lastKnownFileType = sourcecode.c.h; path = ChopeDeviceUtil.h; sourceTree = "<group>"; };
		AC10C09E1839158200324068 /* ChopeDeviceUtil.m */ = {isa = PBXFileReference; fileEncoding = 4; lastKnownFileType = sourcecode.c.objc; path = ChopeDeviceUtil.m; sourceTree = "<group>"; };
		AC10C09F1839158200324068 /* ChopeStoryboardUtil.h */ = {isa = PBXFileReference; fileEncoding = 4; lastKnownFileType = sourcecode.c.h; path = ChopeStoryboardUtil.h; sourceTree = "<group>"; };
		AC10C0A01839158200324068 /* ChopeStoryboardUtil.m */ = {isa = PBXFileReference; fileEncoding = 4; lastKnownFileType = sourcecode.c.objc; path = ChopeStoryboardUtil.m; sourceTree = "<group>"; };
		AC96749A1865C3590018F900 /* WebP.framework */ = {isa = PBXFileReference; lastKnownFileType = wrapper.framework; name = WebP.framework; path = Framework/WebP.framework; sourceTree = "<group>"; };
		ACB688011872005D0058A00F /* ChopeTest.storyboard */ = {isa = PBXFileReference; fileEncoding = 4; lastKnownFileType = file.storyboard; path = ChopeTest.storyboard; sourceTree = "<group>"; };
		ACB68803187200810058A00F /* ChopeTestViewController.h */ = {isa = PBXFileReference; fileEncoding = 4; lastKnownFileType = sourcecode.c.h; path = ChopeTestViewController.h; sourceTree = "<group>"; };
		ACB68804187200810058A00F /* ChopeTestViewController.m */ = {isa = PBXFileReference; fileEncoding = 4; lastKnownFileType = sourcecode.c.objc; path = ChopeTestViewController.m; sourceTree = "<group>"; };
		ACB7013C187823DD00493580 /* NSObject+ChopeValue.h */ = {isa = PBXFileReference; fileEncoding = 4; lastKnownFileType = sourcecode.c.h; path = "NSObject+ChopeValue.h"; sourceTree = "<group>"; };
		ACB7013D187823DD00493580 /* NSObject+ChopeValue.m */ = {isa = PBXFileReference; fileEncoding = 4; lastKnownFileType = sourcecode.c.objc; path = "NSObject+ChopeValue.m"; sourceTree = "<group>"; };
		ACB701401878244000493580 /* NSObjectChopeValueTest.m */ = {isa = PBXFileReference; fileEncoding = 4; lastKnownFileType = sourcecode.c.objc; path = NSObjectChopeValueTest.m; sourceTree = "<group>"; };
		ACB701421878262300493580 /* NSDictionaryChopeValue.m */ = {isa = PBXFileReference; fileEncoding = 4; lastKnownFileType = sourcecode.c.objc; path = NSDictionaryChopeValue.m; sourceTree = "<group>"; };
		ACB7014418782F0700493580 /* ChopeDateUtil.h */ = {isa = PBXFileReference; fileEncoding = 4; lastKnownFileType = sourcecode.c.h; path = ChopeDateUtil.h; sourceTree = "<group>"; };
		ACB7014518782F0700493580 /* ChopeDateUtil.m */ = {isa = PBXFileReference; fileEncoding = 4; lastKnownFileType = sourcecode.c.objc; path = ChopeDateUtil.m; sourceTree = "<group>"; };
		ACB7014F1878352E00493580 /* ChopeDateUtilTest.m */ = {isa = PBXFileReference; fileEncoding = 4; lastKnownFileType = sourcecode.c.objc; path = ChopeDateUtilTest.m; sourceTree = "<group>"; };
		ACEC197118631A7B0014E681 /* README.md */ = {isa = PBXFileReference; fileEncoding = 4; lastKnownFileType = text; path = README.md; sourceTree = "<group>"; };
		ACEC197318631AB80014E681 /* Podfile */ = {isa = PBXFileReference; fileEncoding = 4; lastKnownFileType = text; path = Podfile; sourceTree = "<group>"; xcLanguageSpecificationIdentifier = xcode.lang.ruby; };
		ACEC197918631D790014E681 /* NSDictionary+ChopeValue.h */ = {isa = PBXFileReference; fileEncoding = 4; lastKnownFileType = sourcecode.c.h; path = "NSDictionary+ChopeValue.h"; sourceTree = "<group>"; };
		ACEC197A18631D790014E681 /* NSDictionary+ChopeValue.m */ = {isa = PBXFileReference; fileEncoding = 4; lastKnownFileType = sourcecode.c.objc; path = "NSDictionary+ChopeValue.m"; sourceTree = "<group>"; };
		ACEC197B18631D790014E681 /* NSString+Chope.h */ = {isa = PBXFileReference; fileEncoding = 4; lastKnownFileType = sourcecode.c.h; path = "NSString+Chope.h"; sourceTree = "<group>"; };
		ACEC197C18631D790014E681 /* NSString+Chope.m */ = {isa = PBXFileReference; fileEncoding = 4; lastKnownFileType = sourcecode.c.objc; path = "NSString+Chope.m"; sourceTree = "<group>"; };
		ACEC197D18631D790014E681 /* NSString+ChopeSize.h */ = {isa = PBXFileReference; fileEncoding = 4; lastKnownFileType = sourcecode.c.h; path = "NSString+ChopeSize.h"; sourceTree = "<group>"; };
		ACEC197E18631D790014E681 /* NSString+ChopeSize.m */ = {isa = PBXFileReference; fileEncoding = 4; lastKnownFileType = sourcecode.c.objc; path = "NSString+ChopeSize.m"; sourceTree = "<group>"; };
		ACEC197F18631D790014E681 /* UIView+ChopeAnimation.h */ = {isa = PBXFileReference; fileEncoding = 4; lastKnownFileType = sourcecode.c.h; path = "UIView+ChopeAnimation.h"; sourceTree = "<group>"; };
		ACEC198018631D790014E681 /* UIView+ChopeAnimation.m */ = {isa = PBXFileReference; fileEncoding = 4; lastKnownFileType = sourcecode.c.objc; path = "UIView+ChopeAnimation.m"; sourceTree = "<group>"; };
		ACEC198818632ADE0014E681 /* ChopeLibrary.podspec */ = {isa = PBXFileReference; fileEncoding = 4; lastKnownFileType = text; path = ChopeLibrary.podspec; sourceTree = "<group>"; };
		ACEC198C186331F00014E681 /* UIView+ChopeView.h */ = {isa = PBXFileReference; fileEncoding = 4; lastKnownFileType = sourcecode.c.h; path = "UIView+ChopeView.h"; sourceTree = "<group>"; };
		ACEC198D186331F00014E681 /* UIView+ChopeView.m */ = {isa = PBXFileReference; fileEncoding = 4; lastKnownFileType = sourcecode.c.objc; path = "UIView+ChopeView.m"; sourceTree = "<group>"; };
		ACEC198F1863329E0014E681 /* UIScrollView+ChopePage.h */ = {isa = PBXFileReference; fileEncoding = 4; lastKnownFileType = sourcecode.c.h; path = "UIScrollView+ChopePage.h"; sourceTree = "<group>"; };
		ACEC19901863329E0014E681 /* UIScrollView+ChopePage.m */ = {isa = PBXFileReference; fileEncoding = 4; lastKnownFileType = sourcecode.c.objc; path = "UIScrollView+ChopePage.m"; sourceTree = "<group>"; };
		ACEC1992186332F10014E681 /* UILabel+ChopeResize.h */ = {isa = PBXFileReference; fileEncoding = 4; lastKnownFileType = sourcecode.c.h; path = "UILabel+ChopeResize.h"; sourceTree = "<group>"; };
		ACEC1993186332F10014E681 /* UILabel+ChopeResize.m */ = {isa = PBXFileReference; fileEncoding = 4; lastKnownFileType = sourcecode.c.objc; path = "UILabel+ChopeResize.m"; sourceTree = "<group>"; };
		ACEC1999186334BE0014E681 /* UIImage+ChopeImage.h */ = {isa = PBXFileReference; fileEncoding = 4; lastKnownFileType = sourcecode.c.h; path = "UIImage+ChopeImage.h"; sourceTree = "<group>"; };
		ACEC199A186334BE0014E681 /* UIImage+ChopeImage.m */ = {isa = PBXFileReference; fileEncoding = 4; lastKnownFileType = sourcecode.c.objc; path = "UIImage+ChopeImage.m"; sourceTree = "<group>"; };
		ACEC199C18633C9C0014E681 /* ChopeLinearView.h */ = {isa = PBXFileReference; fileEncoding = 4; lastKnownFileType = sourcecode.c.h; path = ChopeLinearView.h; sourceTree = "<group>"; };
		ACEC199D18633C9C0014E681 /* ChopeLinearView.m */ = {isa = PBXFileReference; fileEncoding = 4; lastKnownFileType = sourcecode.c.objc; path = ChopeLinearView.m; sourceTree = "<group>"; };
		ACEC199F18633DA90014E681 /* UIApplication+ChopeApplication.h */ = {isa = PBXFileReference; fileEncoding = 4; lastKnownFileType = sourcecode.c.h; path = "UIApplication+ChopeApplication.h"; sourceTree = "<group>"; };
		ACEC19A018633DA90014E681 /* UIApplication+ChopeApplication.m */ = {isa = PBXFileReference; fileEncoding = 4; lastKnownFileType = sourcecode.c.objc; path = "UIApplication+ChopeApplication.m"; sourceTree = "<group>"; };
		E0040420BDF14F82A25AD913 /* libPods.a */ = {isa = PBXFileReference; explicitFileType = archive.ar; includeInIndex = 0; path = libPods.a; sourceTree = BUILT_PRODUCTS_DIR; };
/* End PBXFileReference section */

/* Begin PBXFrameworksBuildPhase section */
		AC10BFC61839139900324068 /* Frameworks */ = {
			isa = PBXFrameworksBuildPhase;
			buildActionMask = 2147483647;
			files = (
				AC96749B1865C3590018F900 /* WebP.framework in Frameworks */,
				AC10BFCF1839139900324068 /* CoreGraphics.framework in Frameworks */,
				AC10BFD31839139900324068 /* CoreData.framework in Frameworks */,
				AC10BFD11839139900324068 /* UIKit.framework in Frameworks */,
				AC10BFCD1839139900324068 /* Foundation.framework in Frameworks */,
				4D57EF390F63447C85EFF1B7 /* libPods.a in Frameworks */,
			);
			runOnlyForDeploymentPostprocessing = 0;
		};
		AC10BFE61839139A00324068 /* Frameworks */ = {
			isa = PBXFrameworksBuildPhase;
			buildActionMask = 2147483647;
			files = (
				AC10BFEB1839139A00324068 /* XCTest.framework in Frameworks */,
				AC10BFEE1839139A00324068 /* CoreData.framework in Frameworks */,
				AC10BFED1839139A00324068 /* UIKit.framework in Frameworks */,
				AC10BFEC1839139A00324068 /* Foundation.framework in Frameworks */,
			);
			runOnlyForDeploymentPostprocessing = 0;
		};
/* End PBXFrameworksBuildPhase section */

/* Begin PBXGroup section */
		AC10BFC01839139900324068 = {
			isa = PBXGroup;
			children = (
				AC10C08F1839158200324068 /* Classes */,
				AC10BFD41839139A00324068 /* ChopeLibrary */,
				AC10BFF11839139A00324068 /* ChopeLibraryTests */,
				AC10BFCB1839139900324068 /* Frameworks */,
				AC10BFCA1839139900324068 /* Products */,
				ACEC197118631A7B0014E681 /* README.md */,
				ACEC197318631AB80014E681 /* Podfile */,
				ACEC198818632ADE0014E681 /* ChopeLibrary.podspec */,
				4B7866A3B3B444648A647880 /* Pods.xcconfig */,
			);
			sourceTree = "<group>";
		};
		AC10BFCA1839139900324068 /* Products */ = {
			isa = PBXGroup;
			children = (
				AC10BFC91839139900324068 /* ChopeLibrary.app */,
				AC10BFE91839139A00324068 /* ChopeLibraryTests.xctest */,
			);
			name = Products;
			sourceTree = "<group>";
		};
		AC10BFCB1839139900324068 /* Frameworks */ = {
			isa = PBXGroup;
			children = (
				AC96749A1865C3590018F900 /* WebP.framework */,
				AC10C0571839147700324068 /* MobileCoreServices.framework */,
				AC10C0551839147200324068 /* SystemConfiguration.framework */,
				AC10BFCC1839139900324068 /* Foundation.framework */,
				AC10BFCE1839139900324068 /* CoreGraphics.framework */,
				AC10BFD01839139900324068 /* UIKit.framework */,
				AC10BFD21839139900324068 /* CoreData.framework */,
				AC10BFEA1839139A00324068 /* XCTest.framework */,
				E0040420BDF14F82A25AD913 /* libPods.a */,
			);
			name = Frameworks;
			sourceTree = "<group>";
		};
		AC10BFD41839139A00324068 /* ChopeLibrary */ = {
			isa = PBXGroup;
			children = (
				AC10BFDD1839139A00324068 /* ChopeAppDelegate.h */,
				AC10BFDE1839139A00324068 /* ChopeAppDelegate.m */,
				AC10BFE31839139A00324068 /* Images.xcassets */,
				ACB688011872005D0058A00F /* ChopeTest.storyboard */,
				ACB68803187200810058A00F /* ChopeTestViewController.h */,
				ACB68804187200810058A00F /* ChopeTestViewController.m */,
				AC10BFD51839139A00324068 /* Supporting Files */,
			);
			path = ChopeLibrary;
			sourceTree = "<group>";
		};
		AC10BFD51839139A00324068 /* Supporting Files */ = {
			isa = PBXGroup;
			children = (
				AC10BFD61839139A00324068 /* ChopeLibrary-Info.plist */,
				AC10BFD71839139A00324068 /* InfoPlist.strings */,
				AC10BFDA1839139A00324068 /* main.m */,
				AC10BFDC1839139A00324068 /* ChopeLibrary-Prefix.pch */,
			);
			name = "Supporting Files";
			sourceTree = "<group>";
		};
		AC10BFF11839139A00324068 /* ChopeLibraryTests */ = {
			isa = PBXGroup;
			children = (
				ACB7014E1878352000493580 /* Utils */,
				ACB7013F1878240600493580 /* Category */,
				AC10BFF21839139A00324068 /* Supporting Files */,
				AC10BFF71839139A00324068 /* ChopeLibraryTests.m */,
				AC10C01C1839140A00324068 /* ChopeDeviceUtilTests.m */,
			);
			path = ChopeLibraryTests;
			sourceTree = "<group>";
		};
		AC10BFF21839139A00324068 /* Supporting Files */ = {
			isa = PBXGroup;
			children = (
				AC10BFF31839139A00324068 /* ChopeLibraryTests-Info.plist */,
				AC10BFF41839139A00324068 /* InfoPlist.strings */,
			);
			name = "Supporting Files";
			sourceTree = "<group>";
		};
		AC10C08F1839158200324068 /* Classes */ = {
			isa = PBXGroup;
			children = (
				ACB687FD1871F6150058A00F /* Service */,
				ACEC197818631D790014E681 /* Category */,
				AC10C0901839158200324068 /* MVC */,
				AC10C0951839158200324068 /* Network */,
				AC10C0981839158200324068 /* Utils */,
				ACEC1995186333B00014E681 /* View */,
			);
			path = Classes;
			sourceTree = "<group>";
		};
		AC10C0901839158200324068 /* MVC */ = {
			isa = PBXGroup;
			children = (
				AC10C0911839158200324068 /* ChopeViewController.h */,
				AC10C0921839158200324068 /* ChopeViewController.m */,
				AC10C0931839158200324068 /* ChopeModel.h */,
				AC10C0941839158200324068 /* ChopeModel.m */,
			);
			path = MVC;
			sourceTree = "<group>";
		};
		AC10C0951839158200324068 /* Network */ = {
			isa = PBXGroup;
			children = (
				AC10C0961839158200324068 /* ChopeNetwork.h */,
				AC10C0971839158200324068 /* ChopeNetwork.m */,
			);
			path = Network;
			sourceTree = "<group>";
		};
		AC10C0981839158200324068 /* Utils */ = {
			isa = PBXGroup;
			children = (
				AC10C09D1839158200324068 /* ChopeDeviceUtil.h */,
				AC10C09E1839158200324068 /* ChopeDeviceUtil.m */,
				AC10C09F1839158200324068 /* ChopeStoryboardUtil.h */,
				AC10C0A01839158200324068 /* ChopeStoryboardUtil.m */,
				ACB7014418782F0700493580 /* ChopeDateUtil.h */,
				ACB7014518782F0700493580 /* ChopeDateUtil.m */,
			);
			path = Utils;
			sourceTree = "<group>";
		};
		ACB687FD1871F6150058A00F /* Service */ = {
			isa = PBXGroup;
			children = (
			);
			path = Service;
			sourceTree = "<group>";
		};
		ACB7013F1878240600493580 /* Category */ = {
			isa = PBXGroup;
			children = (
				ACB701401878244000493580 /* NSObjectChopeValueTest.m */,
				ACB701421878262300493580 /* NSDictionaryChopeValue.m */,
			);
			path = Category;
			sourceTree = "<group>";
		};
		ACB7014E1878352000493580 /* Utils */ = {
			isa = PBXGroup;
			children = (
				ACB7014F1878352E00493580 /* ChopeDateUtilTest.m */,
			);
			path = Utils;
			sourceTree = "<group>";
		};
		ACEC197818631D790014E681 /* Category */ = {
			isa = PBXGroup;
			children = (
				ACEC197918631D790014E681 /* NSDictionary+ChopeValue.h */,
				ACEC197A18631D790014E681 /* NSDictionary+ChopeValue.m */,
				ACEC197B18631D790014E681 /* NSString+Chope.h */,
				ACEC197C18631D790014E681 /* NSString+Chope.m */,
				ACEC197D18631D790014E681 /* NSString+ChopeSize.h */,
				ACEC197E18631D790014E681 /* NSString+ChopeSize.m */,
				ACEC197F18631D790014E681 /* UIView+ChopeAnimation.h */,
				ACEC198018631D790014E681 /* UIView+ChopeAnimation.m */,
				ACEC198C186331F00014E681 /* UIView+ChopeView.h */,
				ACEC198D186331F00014E681 /* UIView+ChopeView.m */,
				ACEC198F1863329E0014E681 /* UIScrollView+ChopePage.h */,
				ACEC19901863329E0014E681 /* UIScrollView+ChopePage.m */,
				ACEC1992186332F10014E681 /* UILabel+ChopeResize.h */,
				ACEC1993186332F10014E681 /* UILabel+ChopeResize.m */,
				ACEC1999186334BE0014E681 /* UIImage+ChopeImage.h */,
				ACEC199A186334BE0014E681 /* UIImage+ChopeImage.m */,
				ACEC199F18633DA90014E681 /* UIApplication+ChopeApplication.h */,
				ACEC19A018633DA90014E681 /* UIApplication+ChopeApplication.m */,
				ACB7013C187823DD00493580 /* NSObject+ChopeValue.h */,
				ACB7013D187823DD00493580 /* NSObject+ChopeValue.m */,
			);
			path = Category;
			sourceTree = "<group>";
		};
		ACEC1995186333B00014E681 /* View */ = {
			isa = PBXGroup;
			children = (
				ACEC199C18633C9C0014E681 /* ChopeLinearView.h */,
				ACEC199D18633C9C0014E681 /* ChopeLinearView.m */,
			);
			path = View;
			sourceTree = "<group>";
		};
/* End PBXGroup section */

/* Begin PBXNativeTarget section */
		AC10BFC81839139900324068 /* ChopeLibrary */ = {
			isa = PBXNativeTarget;
			buildConfigurationList = AC10BFFB1839139A00324068 /* Build configuration list for PBXNativeTarget "ChopeLibrary" */;
			buildPhases = (
				D75E65AAEF5F479FB1305D73 /* Check Pods Manifest.lock */,
				AC10BFC51839139900324068 /* Sources */,
				AC10BFC61839139900324068 /* Frameworks */,
				AC10BFC71839139900324068 /* Resources */,
				B201C84650FD46B48DD17569 /* Copy Pods Resources */,
			);
			buildRules = (
			);
			dependencies = (
			);
			name = ChopeLibrary;
			productName = ChopeLibrary;
			productReference = AC10BFC91839139900324068 /* ChopeLibrary.app */;
			productType = "com.apple.product-type.application";
		};
		AC10BFE81839139A00324068 /* ChopeLibraryTests */ = {
			isa = PBXNativeTarget;
			buildConfigurationList = AC10BFFE1839139A00324068 /* Build configuration list for PBXNativeTarget "ChopeLibraryTests" */;
			buildPhases = (
				AC10BFE51839139A00324068 /* Sources */,
				AC10BFE61839139A00324068 /* Frameworks */,
				AC10BFE71839139A00324068 /* Resources */,
			);
			buildRules = (
			);
			dependencies = (
				AC10BFF01839139A00324068 /* PBXTargetDependency */,
			);
			name = ChopeLibraryTests;
			productName = ChopeLibraryTests;
			productReference = AC10BFE91839139A00324068 /* ChopeLibraryTests.xctest */;
			productType = "com.apple.product-type.bundle.unit-test";
		};
/* End PBXNativeTarget section */

/* Begin PBXProject section */
		AC10BFC11839139900324068 /* Project object */ = {
			isa = PBXProject;
			attributes = {
				CLASSPREFIX = Chope;
				LastUpgradeCheck = 0500;
				ORGANIZATIONNAME = Chope;
				TargetAttributes = {
					AC10BFC81839139900324068 = {
						DevelopmentTeam = JKB83V3G9Q;
					};
					AC10BFE81839139A00324068 = {
						TestTargetID = AC10BFC81839139900324068;
					};
				};
			};
			buildConfigurationList = AC10BFC41839139900324068 /* Build configuration list for PBXProject "ChopeLibrary" */;
			compatibilityVersion = "Xcode 3.2";
			developmentRegion = English;
			hasScannedForEncodings = 0;
			knownRegions = (
				en,
			);
			mainGroup = AC10BFC01839139900324068;
			productRefGroup = AC10BFCA1839139900324068 /* Products */;
			projectDirPath = "";
			projectRoot = "";
			targets = (
				AC10BFC81839139900324068 /* ChopeLibrary */,
				AC10BFE81839139A00324068 /* ChopeLibraryTests */,
			);
		};
/* End PBXProject section */

/* Begin PBXResourcesBuildPhase section */
		AC10BFC71839139900324068 /* Resources */ = {
			isa = PBXResourcesBuildPhase;
			buildActionMask = 2147483647;
			files = (
				ACEC198918632ADE0014E681 /* ChopeLibrary.podspec in Resources */,
				ACEC197218631A7B0014E681 /* README.md in Resources */,
				ACB688021872005D0058A00F /* ChopeTest.storyboard in Resources */,
				AC10BFD91839139A00324068 /* InfoPlist.strings in Resources */,
				ACEC197418631AB80014E681 /* Podfile in Resources */,
				AC10BFE41839139A00324068 /* Images.xcassets in Resources */,
			);
			runOnlyForDeploymentPostprocessing = 0;
		};
		AC10BFE71839139A00324068 /* Resources */ = {
			isa = PBXResourcesBuildPhase;
			buildActionMask = 2147483647;
			files = (
				AC10BFF61839139A00324068 /* InfoPlist.strings in Resources */,
			);
			runOnlyForDeploymentPostprocessing = 0;
		};
/* End PBXResourcesBuildPhase section */

/* Begin PBXShellScriptBuildPhase section */
		B201C84650FD46B48DD17569 /* Copy Pods Resources */ = {
			isa = PBXShellScriptBuildPhase;
			buildActionMask = 2147483647;
			files = (
			);
			inputPaths = (
			);
			name = "Copy Pods Resources";
			outputPaths = (
			);
			runOnlyForDeploymentPostprocessing = 0;
			shellPath = /bin/sh;
			shellScript = "\"${SRCROOT}/Pods/Pods-resources.sh\"\n";
			showEnvVarsInLog = 0;
		};
		D75E65AAEF5F479FB1305D73 /* Check Pods Manifest.lock */ = {
			isa = PBXShellScriptBuildPhase;
			buildActionMask = 2147483647;
			files = (
			);
			inputPaths = (
			);
			name = "Check Pods Manifest.lock";
			outputPaths = (
			);
			runOnlyForDeploymentPostprocessing = 0;
			shellPath = /bin/sh;
			shellScript = "diff \"${PODS_ROOT}/../Podfile.lock\" \"${PODS_ROOT}/Manifest.lock\" > /dev/null\nif [[ $? != 0 ]] ; then\n    cat << EOM\nerror: The sandbox is not in sync with the Podfile.lock. Run 'pod install' or update your CocoaPods installation.\nEOM\n    exit 1\nfi\n";
			showEnvVarsInLog = 0;
		};
/* End PBXShellScriptBuildPhase section */

/* Begin PBXSourcesBuildPhase section */
		AC10BFC51839139900324068 /* Sources */ = {
			isa = PBXSourcesBuildPhase;
			buildActionMask = 2147483647;
			files = (
				ACEC198318631D790014E681 /* NSString+ChopeSize.m in Sources */,
				ACEC198E186331F00014E681 /* UIView+ChopeView.m in Sources */,
				ACEC19911863329E0014E681 /* UIScrollView+ChopePage.m in Sources */,
				ACEC199B186334BE0014E681 /* UIImage+ChopeImage.m in Sources */,
				ACEC199E18633C9C0014E681 /* ChopeLinearView.m in Sources */,
				ACEC198218631D790014E681 /* NSString+Chope.m in Sources */,
				AC10C0A51839158200324068 /* ChopeModel.m in Sources */,
				AC10BFDF1839139A00324068 /* ChopeAppDelegate.m in Sources */,
				ACB7014618782F0700493580 /* ChopeDateUtil.m in Sources */,
				AC10C0A61839158200324068 /* ChopeNetwork.m in Sources */,
				ACB68805187200810058A00F /* ChopeTestViewController.m in Sources */,
				AC10C0A41839158200324068 /* ChopeViewController.m in Sources */,
				ACEC198118631D790014E681 /* NSDictionary+ChopeValue.m in Sources */,
				ACEC19A118633DA90014E681 /* UIApplication+ChopeApplication.m in Sources */,
				AC10C0A91839158200324068 /* ChopeDeviceUtil.m in Sources */,
				ACEC198418631D790014E681 /* UIView+ChopeAnimation.m in Sources */,
				ACEC1994186332F10014E681 /* UILabel+ChopeResize.m in Sources */,
				AC10BFDB1839139A00324068 /* main.m in Sources */,
				AC10C0AA1839158200324068 /* ChopeStoryboardUtil.m in Sources */,
				ACB7013E187823DD00493580 /* NSObject+ChopeValue.m in Sources */,
			);
			runOnlyForDeploymentPostprocessing = 0;
		};
		AC10BFE51839139A00324068 /* Sources */ = {
			isa = PBXSourcesBuildPhase;
			buildActionMask = 2147483647;
			files = (
				AC10C01E1839140A00324068 /* ChopeDeviceUtilTests.m in Sources */,
				AC10BFF81839139A00324068 /* ChopeLibraryTests.m in Sources */,
				ACB701431878262300493580 /* NSDictionaryChopeValue.m in Sources */,
				ACB701411878244000493580 /* NSObjectChopeValueTest.m in Sources */,
				ACB701501878352E00493580 /* ChopeDateUtilTest.m in Sources */,
			);
			runOnlyForDeploymentPostprocessing = 0;
		};
/* End PBXSourcesBuildPhase section */

/* Begin PBXTargetDependency section */
		AC10BFF01839139A00324068 /* PBXTargetDependency */ = {
			isa = PBXTargetDependency;
			target = AC10BFC81839139900324068 /* ChopeLibrary */;
			targetProxy = AC10BFEF1839139A00324068 /* PBXContainerItemProxy */;
		};
/* End PBXTargetDependency section */

/* Begin PBXVariantGroup section */
		AC10BFD71839139A00324068 /* InfoPlist.strings */ = {
			isa = PBXVariantGroup;
			children = (
				AC10BFD81839139A00324068 /* en */,
			);
			name = InfoPlist.strings;
			sourceTree = "<group>";
		};
		AC10BFF41839139A00324068 /* InfoPlist.strings */ = {
			isa = PBXVariantGroup;
			children = (
				AC10BFF51839139A00324068 /* en */,
			);
			name = InfoPlist.strings;
			sourceTree = "<group>";
		};
/* End PBXVariantGroup section */

/* Begin XCBuildConfiguration section */
		AC10BFF91839139A00324068 /* Debug */ = {
			isa = XCBuildConfiguration;
			buildSettings = {
				ALWAYS_SEARCH_USER_PATHS = NO;
				ARCHS = "$(ARCHS_STANDARD)";
				CLANG_CXX_LANGUAGE_STANDARD = "gnu++0x";
				CLANG_CXX_LIBRARY = "libc++";
				CLANG_ENABLE_MODULES = YES;
				CLANG_ENABLE_OBJC_ARC = YES;
				CLANG_WARN_BOOL_CONVERSION = YES;
				CLANG_WARN_CONSTANT_CONVERSION = YES;
				CLANG_WARN_DIRECT_OBJC_ISA_USAGE = YES_ERROR;
				CLANG_WARN_EMPTY_BODY = YES;
				CLANG_WARN_ENUM_CONVERSION = YES;
				CLANG_WARN_INT_CONVERSION = YES;
				CLANG_WARN_OBJC_ROOT_CLASS = YES_ERROR;
				CLANG_WARN__DUPLICATE_METHOD_MATCH = YES;
				"CODE_SIGN_IDENTITY[sdk=iphoneos*]" = "iPhone Developer";
				COPY_PHASE_STRIP = NO;
				GCC_C_LANGUAGE_STANDARD = gnu99;
				GCC_DYNAMIC_NO_PIC = NO;
				GCC_OPTIMIZATION_LEVEL = 0;
				GCC_PREPROCESSOR_DEFINITIONS = (
					"DEBUG=1",
					"$(inherited)",
				);
				GCC_SYMBOLS_PRIVATE_EXTERN = NO;
				GCC_WARN_64_TO_32_BIT_CONVERSION = YES;
				GCC_WARN_ABOUT_RETURN_TYPE = YES_ERROR;
				GCC_WARN_UNDECLARED_SELECTOR = YES;
				GCC_WARN_UNINITIALIZED_AUTOS = YES;
				GCC_WARN_UNUSED_FUNCTION = YES;
				GCC_WARN_UNUSED_VARIABLE = YES;
				IPHONEOS_DEPLOYMENT_TARGET = 7.0;
				ONLY_ACTIVE_ARCH = YES;
				SDKROOT = iphoneos;
			};
			name = Debug;
		};
		AC10BFFA1839139A00324068 /* Release */ = {
			isa = XCBuildConfiguration;
			buildSettings = {
				ALWAYS_SEARCH_USER_PATHS = NO;
				ARCHS = "$(ARCHS_STANDARD)";
				CLANG_CXX_LANGUAGE_STANDARD = "gnu++0x";
				CLANG_CXX_LIBRARY = "libc++";
				CLANG_ENABLE_MODULES = YES;
				CLANG_ENABLE_OBJC_ARC = YES;
				CLANG_WARN_BOOL_CONVERSION = YES;
				CLANG_WARN_CONSTANT_CONVERSION = YES;
				CLANG_WARN_DIRECT_OBJC_ISA_USAGE = YES_ERROR;
				CLANG_WARN_EMPTY_BODY = YES;
				CLANG_WARN_ENUM_CONVERSION = YES;
				CLANG_WARN_INT_CONVERSION = YES;
				CLANG_WARN_OBJC_ROOT_CLASS = YES_ERROR;
				CLANG_WARN__DUPLICATE_METHOD_MATCH = YES;
				"CODE_SIGN_IDENTITY[sdk=iphoneos*]" = "iPhone Developer";
				COPY_PHASE_STRIP = YES;
				ENABLE_NS_ASSERTIONS = NO;
				GCC_C_LANGUAGE_STANDARD = gnu99;
				GCC_WARN_64_TO_32_BIT_CONVERSION = YES;
				GCC_WARN_ABOUT_RETURN_TYPE = YES_ERROR;
				GCC_WARN_UNDECLARED_SELECTOR = YES;
				GCC_WARN_UNINITIALIZED_AUTOS = YES;
				GCC_WARN_UNUSED_FUNCTION = YES;
				GCC_WARN_UNUSED_VARIABLE = YES;
				IPHONEOS_DEPLOYMENT_TARGET = 7.0;
				SDKROOT = iphoneos;
				VALIDATE_PRODUCT = YES;
			};
			name = Release;
		};
		AC10BFFC1839139A00324068 /* Debug */ = {
			isa = XCBuildConfiguration;
			baseConfigurationReference = 4B7866A3B3B444648A647880 /* Pods.xcconfig */;
			buildSettings = {
				ASSETCATALOG_COMPILER_APPICON_NAME = AppIcon;
				ASSETCATALOG_COMPILER_LAUNCHIMAGE_NAME = LaunchImage;
				CODE_SIGN_IDENTITY = "iPhone Developer";
				"CODE_SIGN_IDENTITY[sdk=iphoneos*]" = "iPhone Developer";
				FRAMEWORK_SEARCH_PATHS = (
					"$(inherited)",
					/Users/yoonhg84/Desktop/XCodeProject/ChopeLibrary/Framework,
				);
				GCC_PRECOMPILE_PREFIX_HEADER = YES;
				GCC_PREFIX_HEADER = "ChopeLibrary/ChopeLibrary-Prefix.pch";
				INFOPLIST_FILE = "ChopeLibrary/ChopeLibrary-Info.plist";
				PRODUCT_NAME = "$(TARGET_NAME)";
				PROVISIONING_PROFILE = "";
				WRAPPER_EXTENSION = app;
			};
			name = Debug;
		};
		AC10BFFD1839139A00324068 /* Release */ = {
			isa = XCBuildConfiguration;
			baseConfigurationReference = 4B7866A3B3B444648A647880 /* Pods.xcconfig */;
			buildSettings = {
				ASSETCATALOG_COMPILER_APPICON_NAME = AppIcon;
				ASSETCATALOG_COMPILER_LAUNCHIMAGE_NAME = LaunchImage;
				CODE_SIGN_IDENTITY = "iPhone Developer";
				"CODE_SIGN_IDENTITY[sdk=iphoneos*]" = "iPhone Developer";
				FRAMEWORK_SEARCH_PATHS = (
					"$(inherited)",
					/Users/yoonhg84/Desktop/XCodeProject/ChopeLibrary/Framework,
				);
				GCC_PRECOMPILE_PREFIX_HEADER = YES;
				GCC_PREFIX_HEADER = "ChopeLibrary/ChopeLibrary-Prefix.pch";
				INFOPLIST_FILE = "ChopeLibrary/ChopeLibrary-Info.plist";
				PRODUCT_NAME = "$(TARGET_NAME)";
				PROVISIONING_PROFILE = "";
				WRAPPER_EXTENSION = app;
			};
			name = Release;
		};
		AC10BFFF1839139A00324068 /* Debug */ = {
			isa = XCBuildConfiguration;
			buildSettings = {
				ARCHS = "$(ARCHS_STANDARD_INCLUDING_64_BIT)";
				BUNDLE_LOADER = "$(BUILT_PRODUCTS_DIR)/ChopeLibrary.app/ChopeLibrary";
				FRAMEWORK_SEARCH_PATHS = (
					"$(SDKROOT)/Developer/Library/Frameworks",
					"$(inherited)",
					"$(DEVELOPER_FRAMEWORKS_DIR)",
				);
				GCC_PRECOMPILE_PREFIX_HEADER = YES;
				GCC_PREFIX_HEADER = "ChopeLibrary/ChopeLibrary-Prefix.pch";
				GCC_PREPROCESSOR_DEFINITIONS = (
					"DEBUG=1",
					"$(inherited)",
				);
				INFOPLIST_FILE = "ChopeLibraryTests/ChopeLibraryTests-Info.plist";
				PRODUCT_NAME = "$(TARGET_NAME)";
				TEST_HOST = "$(BUNDLE_LOADER)";
				WRAPPER_EXTENSION = xctest;
			};
			name = Debug;
		};
		AC10C0001839139A00324068 /* Release */ = {
			isa = XCBuildConfiguration;
			buildSettings = {
				ARCHS = "$(ARCHS_STANDARD_INCLUDING_64_BIT)";
				BUNDLE_LOADER = "$(BUILT_PRODUCTS_DIR)/ChopeLibrary.app/ChopeLibrary";
				FRAMEWORK_SEARCH_PATHS = (
					"$(SDKROOT)/Developer/Library/Frameworks",
					"$(inherited)",
					"$(DEVELOPER_FRAMEWORKS_DIR)",
				);
				GCC_PRECOMPILE_PREFIX_HEADER = YES;
				GCC_PREFIX_HEADER = "ChopeLibrary/ChopeLibrary-Prefix.pch";
				INFOPLIST_FILE = "ChopeLibraryTests/ChopeLibraryTests-Info.plist";
				PRODUCT_NAME = "$(TARGET_NAME)";
				TEST_HOST = "$(BUNDLE_LOADER)";
				WRAPPER_EXTENSION = xctest;
			};
			name = Release;
		};
/* End XCBuildConfiguration section */

/* Begin XCConfigurationList section */
		AC10BFC41839139900324068 /* Build configuration list for PBXProject "ChopeLibrary" */ = {
			isa = XCConfigurationList;
			buildConfigurations = (
				AC10BFF91839139A00324068 /* Debug */,
				AC10BFFA1839139A00324068 /* Release */,
			);
			defaultConfigurationIsVisible = 0;
			defaultConfigurationName = Release;
		};
		AC10BFFB1839139A00324068 /* Build configuration list for PBXNativeTarget "ChopeLibrary" */ = {
			isa = XCConfigurationList;
			buildConfigurations = (
				AC10BFFC1839139A00324068 /* Debug */,
				AC10BFFD1839139A00324068 /* Release */,
			);
			defaultConfigurationIsVisible = 0;
			defaultConfigurationName = Release;
		};
		AC10BFFE1839139A00324068 /* Build configuration list for PBXNativeTarget "ChopeLibraryTests" */ = {
			isa = XCConfigurationList;
			buildConfigurations = (
				AC10BFFF1839139A00324068 /* Debug */,
				AC10C0001839139A00324068 /* Release */,
			);
			defaultConfigurationIsVisible = 0;
			defaultConfigurationName = Release;
		};
/* End XCConfigurationList section */
	};
	rootObject = AC10BFC11839139900324068 /* Project object */;
}
