// !$*UTF8*$!
{
	archiveVersion = 1;
	classes = {
	};
	objectVersion = 46;
	objects = {

/* Begin PBXBuildFile section */
		AC10BFCD1839139900324068 /* Foundation.framework in Frameworks */ = {isa = PBXBuildFile; fileRef = AC10BFCC1839139900324068 /* Foundation.framework */; };
		AC10BFCF1839139900324068 /* CoreGraphics.framework in Frameworks */ = {isa = PBXBuildFile; fileRef = AC10BFCE1839139900324068 /* CoreGraphics.framework */; };
		AC10BFD11839139900324068 /* UIKit.framework in Frameworks */ = {isa = PBXBuildFile; fileRef = AC10BFD01839139900324068 /* UIKit.framework */; };
		AC10BFD31839139900324068 /* CoreData.framework in Frameworks */ = {isa = PBXBuildFile; fileRef = AC10BFD21839139900324068 /* CoreData.framework */; };
		AC10BFD91839139A00324068 /* InfoPlist.strings in Resources */ = {isa = PBXBuildFile; fileRef = AC10BFD71839139A00324068 /* InfoPlist.strings */; };
		AC10BFDB1839139A00324068 /* main.m in Sources */ = {isa = PBXBuildFile; fileRef = AC10BFDA1839139A00324068 /* main.m */; };
		AC10BFDF1839139A00324068 /* ChopeAppDelegate.m in Sources */ = {isa = PBXBuildFile; fileRef = AC10BFDE1839139A00324068 /* ChopeAppDelegate.m */; };
		AC10BFE21839139A00324068 /* ChopeLibrary.xcdatamodeld in Sources */ = {isa = PBXBuildFile; fileRef = AC10BFE01839139A00324068 /* ChopeLibrary.xcdatamodeld */; };
		AC10BFE41839139A00324068 /* Images.xcassets in Resources */ = {isa = PBXBuildFile; fileRef = AC10BFE31839139A00324068 /* Images.xcassets */; };
		AC10BFEB1839139A00324068 /* XCTest.framework in Frameworks */ = {isa = PBXBuildFile; fileRef = AC10BFEA1839139A00324068 /* XCTest.framework */; };
		AC10BFEC1839139A00324068 /* Foundation.framework in Frameworks */ = {isa = PBXBuildFile; fileRef = AC10BFCC1839139900324068 /* Foundation.framework */; };
		AC10BFED1839139A00324068 /* UIKit.framework in Frameworks */ = {isa = PBXBuildFile; fileRef = AC10BFD01839139900324068 /* UIKit.framework */; };
		AC10BFEE1839139A00324068 /* CoreData.framework in Frameworks */ = {isa = PBXBuildFile; fileRef = AC10BFD21839139900324068 /* CoreData.framework */; };
		AC10BFF61839139A00324068 /* InfoPlist.strings in Resources */ = {isa = PBXBuildFile; fileRef = AC10BFF41839139A00324068 /* InfoPlist.strings */; };
		AC10BFF81839139A00324068 /* ChopeLibraryTests.m in Sources */ = {isa = PBXBuildFile; fileRef = AC10BFF71839139A00324068 /* ChopeLibraryTests.m */; };
		AC10C01D1839140A00324068 /* ChopeDataUtilTests.m in Sources */ = {isa = PBXBuildFile; fileRef = AC10C01B1839140A00324068 /* ChopeDataUtilTests.m */; };
		AC10C01E1839140A00324068 /* ChopeDeviceUtilTests.m in Sources */ = {isa = PBXBuildFile; fileRef = AC10C01C1839140A00324068 /* ChopeDeviceUtilTests.m */; };
		AC10C07F1839150100324068 /* AFHTTPRequestOperation.m in Sources */ = {isa = PBXBuildFile; fileRef = AC10C05D1839150100324068 /* AFHTTPRequestOperation.m */; };
		AC10C0801839150100324068 /* AFHTTPRequestOperationManager.m in Sources */ = {isa = PBXBuildFile; fileRef = AC10C05F1839150100324068 /* AFHTTPRequestOperationManager.m */; };
		AC10C0811839150100324068 /* AFHTTPSessionManager.m in Sources */ = {isa = PBXBuildFile; fileRef = AC10C0611839150100324068 /* AFHTTPSessionManager.m */; };
		AC10C0821839150100324068 /* AFNetworkReachabilityManager.m in Sources */ = {isa = PBXBuildFile; fileRef = AC10C0641839150100324068 /* AFNetworkReachabilityManager.m */; };
		AC10C0831839150100324068 /* AFSecurityPolicy.m in Sources */ = {isa = PBXBuildFile; fileRef = AC10C0661839150100324068 /* AFSecurityPolicy.m */; };
		AC10C0841839150100324068 /* AFURLConnectionOperation.m in Sources */ = {isa = PBXBuildFile; fileRef = AC10C0681839150100324068 /* AFURLConnectionOperation.m */; };
		AC10C0851839150100324068 /* AFURLRequestSerialization.m in Sources */ = {isa = PBXBuildFile; fileRef = AC10C06A1839150100324068 /* AFURLRequestSerialization.m */; };
		AC10C0861839150100324068 /* AFURLResponseSerialization.m in Sources */ = {isa = PBXBuildFile; fileRef = AC10C06C1839150100324068 /* AFURLResponseSerialization.m */; };
		AC10C0871839150100324068 /* AFURLSessionManager.m in Sources */ = {isa = PBXBuildFile; fileRef = AC10C06E1839150100324068 /* AFURLSessionManager.m */; };
		AC10C0881839150100324068 /* AFNetworkActivityIndicatorManager.m in Sources */ = {isa = PBXBuildFile; fileRef = AC10C0711839150100324068 /* AFNetworkActivityIndicatorManager.m */; };
		AC10C0891839150100324068 /* UIActivityIndicatorView+AFNetworking.m in Sources */ = {isa = PBXBuildFile; fileRef = AC10C0731839150100324068 /* UIActivityIndicatorView+AFNetworking.m */; };
		AC10C08A1839150100324068 /* UIAlertView+AFNetworking.m in Sources */ = {isa = PBXBuildFile; fileRef = AC10C0751839150100324068 /* UIAlertView+AFNetworking.m */; };
		AC10C08B1839150100324068 /* UIButton+AFNetworking.m in Sources */ = {isa = PBXBuildFile; fileRef = AC10C0771839150100324068 /* UIButton+AFNetworking.m */; };
		AC10C08C1839150100324068 /* UIImageView+AFNetworking.m in Sources */ = {isa = PBXBuildFile; fileRef = AC10C0791839150100324068 /* UIImageView+AFNetworking.m */; };
		AC10C08D1839150100324068 /* UIProgressView+AFNetworking.m in Sources */ = {isa = PBXBuildFile; fileRef = AC10C07C1839150100324068 /* UIProgressView+AFNetworking.m */; };
		AC10C08E1839150100324068 /* UIWebView+AFNetworking.m in Sources */ = {isa = PBXBuildFile; fileRef = AC10C07E1839150100324068 /* UIWebView+AFNetworking.m */; };
		AC10C0A41839158200324068 /* CauinViewController.m in Sources */ = {isa = PBXBuildFile; fileRef = AC10C0921839158200324068 /* CauinViewController.m */; };
		AC10C0A51839158200324068 /* ChopeModel.m in Sources */ = {isa = PBXBuildFile; fileRef = AC10C0941839158200324068 /* ChopeModel.m */; };
		AC10C0A61839158200324068 /* ChopeNetwork.m in Sources */ = {isa = PBXBuildFile; fileRef = AC10C0971839158200324068 /* ChopeNetwork.m */; };
		AC10C0A71839158200324068 /* ChopeApplicationUtil.m in Sources */ = {isa = PBXBuildFile; fileRef = AC10C09A1839158200324068 /* ChopeApplicationUtil.m */; };
		AC10C0A81839158200324068 /* ChopeDataUtil.m in Sources */ = {isa = PBXBuildFile; fileRef = AC10C09C1839158200324068 /* ChopeDataUtil.m */; };
		AC10C0A91839158200324068 /* ChopeDeviceUtil.m in Sources */ = {isa = PBXBuildFile; fileRef = AC10C09E1839158200324068 /* ChopeDeviceUtil.m */; };
		AC10C0AA1839158200324068 /* ChopeStoryboardUtil.m in Sources */ = {isa = PBXBuildFile; fileRef = AC10C0A01839158200324068 /* ChopeStoryboardUtil.m */; };
		AC10C0AB1839158200324068 /* ChopeLoadingView.m in Sources */ = {isa = PBXBuildFile; fileRef = AC10C0A31839158200324068 /* ChopeLoadingView.m */; };
/* End PBXBuildFile section */

/* Begin PBXContainerItemProxy section */
		AC10BFEF1839139A00324068 /* PBXContainerItemProxy */ = {
			isa = PBXContainerItemProxy;
			containerPortal = AC10BFC11839139900324068 /* Project object */;
			proxyType = 1;
			remoteGlobalIDString = AC10BFC81839139900324068;
			remoteInfo = ChopeLibrary;
		};
/* End PBXContainerItemProxy section */

/* Begin PBXFileReference section */
		AC10BFC91839139900324068 /* ChopeLibrary.app */ = {isa = PBXFileReference; explicitFileType = wrapper.application; includeInIndex = 0; path = ChopeLibrary.app; sourceTree = BUILT_PRODUCTS_DIR; };
		AC10BFCC1839139900324068 /* Foundation.framework */ = {isa = PBXFileReference; lastKnownFileType = wrapper.framework; name = Foundation.framework; path = System/Library/Frameworks/Foundation.framework; sourceTree = SDKROOT; };
		AC10BFCE1839139900324068 /* CoreGraphics.framework */ = {isa = PBXFileReference; lastKnownFileType = wrapper.framework; name = CoreGraphics.framework; path = System/Library/Frameworks/CoreGraphics.framework; sourceTree = SDKROOT; };
		AC10BFD01839139900324068 /* UIKit.framework */ = {isa = PBXFileReference; lastKnownFileType = wrapper.framework; name = UIKit.framework; path = System/Library/Frameworks/UIKit.framework; sourceTree = SDKROOT; };
		AC10BFD21839139900324068 /* CoreData.framework */ = {isa = PBXFileReference; lastKnownFileType = wrapper.framework; name = CoreData.framework; path = System/Library/Frameworks/CoreData.framework; sourceTree = SDKROOT; };
		AC10BFD61839139A00324068 /* ChopeLibrary-Info.plist */ = {isa = PBXFileReference; lastKnownFileType = text.plist.xml; path = "ChopeLibrary-Info.plist"; sourceTree = "<group>"; };
		AC10BFD81839139A00324068 /* en */ = {isa = PBXFileReference; lastKnownFileType = text.plist.strings; name = en; path = en.lproj/InfoPlist.strings; sourceTree = "<group>"; };
		AC10BFDA1839139A00324068 /* main.m */ = {isa = PBXFileReference; lastKnownFileType = sourcecode.c.objc; path = main.m; sourceTree = "<group>"; };
		AC10BFDC1839139A00324068 /* ChopeLibrary-Prefix.pch */ = {isa = PBXFileReference; lastKnownFileType = sourcecode.c.h; path = "ChopeLibrary-Prefix.pch"; sourceTree = "<group>"; };
		AC10BFDD1839139A00324068 /* ChopeAppDelegate.h */ = {isa = PBXFileReference; lastKnownFileType = sourcecode.c.h; path = ChopeAppDelegate.h; sourceTree = "<group>"; };
		AC10BFDE1839139A00324068 /* ChopeAppDelegate.m */ = {isa = PBXFileReference; lastKnownFileType = sourcecode.c.objc; path = ChopeAppDelegate.m; sourceTree = "<group>"; };
		AC10BFE11839139A00324068 /* ChopeLibrary.xcdatamodel */ = {isa = PBXFileReference; lastKnownFileType = wrapper.xcdatamodel; path = ChopeLibrary.xcdatamodel; sourceTree = "<group>"; };
		AC10BFE31839139A00324068 /* Images.xcassets */ = {isa = PBXFileReference; lastKnownFileType = folder.assetcatalog; path = Images.xcassets; sourceTree = "<group>"; };
		AC10BFE91839139A00324068 /* ChopeLibraryTests.xctest */ = {isa = PBXFileReference; explicitFileType = wrapper.cfbundle; includeInIndex = 0; path = ChopeLibraryTests.xctest; sourceTree = BUILT_PRODUCTS_DIR; };
		AC10BFEA1839139A00324068 /* XCTest.framework */ = {isa = PBXFileReference; lastKnownFileType = wrapper.framework; name = XCTest.framework; path = Library/Frameworks/XCTest.framework; sourceTree = DEVELOPER_DIR; };
		AC10BFF31839139A00324068 /* ChopeLibraryTests-Info.plist */ = {isa = PBXFileReference; lastKnownFileType = text.plist.xml; path = "ChopeLibraryTests-Info.plist"; sourceTree = "<group>"; };
		AC10BFF51839139A00324068 /* en */ = {isa = PBXFileReference; lastKnownFileType = text.plist.strings; name = en; path = en.lproj/InfoPlist.strings; sourceTree = "<group>"; };
		AC10BFF71839139A00324068 /* ChopeLibraryTests.m */ = {isa = PBXFileReference; lastKnownFileType = sourcecode.c.objc; path = ChopeLibraryTests.m; sourceTree = "<group>"; };
		AC10C01B1839140A00324068 /* ChopeDataUtilTests.m */ = {isa = PBXFileReference; fileEncoding = 4; lastKnownFileType = sourcecode.c.objc; path = ChopeDataUtilTests.m; sourceTree = "<group>"; };
		AC10C01C1839140A00324068 /* ChopeDeviceUtilTests.m */ = {isa = PBXFileReference; fileEncoding = 4; lastKnownFileType = sourcecode.c.objc; path = ChopeDeviceUtilTests.m; sourceTree = "<group>"; };
		AC10C0551839147200324068 /* SystemConfiguration.framework */ = {isa = PBXFileReference; lastKnownFileType = wrapper.framework; name = SystemConfiguration.framework; path = System/Library/Frameworks/SystemConfiguration.framework; sourceTree = SDKROOT; };
		AC10C0571839147700324068 /* MobileCoreServices.framework */ = {isa = PBXFileReference; lastKnownFileType = wrapper.framework; name = MobileCoreServices.framework; path = System/Library/Frameworks/MobileCoreServices.framework; sourceTree = SDKROOT; };
		AC10C05C1839150100324068 /* AFHTTPRequestOperation.h */ = {isa = PBXFileReference; fileEncoding = 4; lastKnownFileType = sourcecode.c.h; path = AFHTTPRequestOperation.h; sourceTree = "<group>"; };
		AC10C05D1839150100324068 /* AFHTTPRequestOperation.m */ = {isa = PBXFileReference; fileEncoding = 4; lastKnownFileType = sourcecode.c.objc; path = AFHTTPRequestOperation.m; sourceTree = "<group>"; };
		AC10C05E1839150100324068 /* AFHTTPRequestOperationManager.h */ = {isa = PBXFileReference; fileEncoding = 4; lastKnownFileType = sourcecode.c.h; path = AFHTTPRequestOperationManager.h; sourceTree = "<group>"; };
		AC10C05F1839150100324068 /* AFHTTPRequestOperationManager.m */ = {isa = PBXFileReference; fileEncoding = 4; lastKnownFileType = sourcecode.c.objc; path = AFHTTPRequestOperationManager.m; sourceTree = "<group>"; };
		AC10C0601839150100324068 /* AFHTTPSessionManager.h */ = {isa = PBXFileReference; fileEncoding = 4; lastKnownFileType = sourcecode.c.h; path = AFHTTPSessionManager.h; sourceTree = "<group>"; };
		AC10C0611839150100324068 /* AFHTTPSessionManager.m */ = {isa = PBXFileReference; fileEncoding = 4; lastKnownFileType = sourcecode.c.objc; path = AFHTTPSessionManager.m; sourceTree = "<group>"; };
		AC10C0621839150100324068 /* AFNetworking.h */ = {isa = PBXFileReference; fileEncoding = 4; lastKnownFileType = sourcecode.c.h; path = AFNetworking.h; sourceTree = "<group>"; };
		AC10C0631839150100324068 /* AFNetworkReachabilityManager.h */ = {isa = PBXFileReference; fileEncoding = 4; lastKnownFileType = sourcecode.c.h; path = AFNetworkReachabilityManager.h; sourceTree = "<group>"; };
		AC10C0641839150100324068 /* AFNetworkReachabilityManager.m */ = {isa = PBXFileReference; fileEncoding = 4; lastKnownFileType = sourcecode.c.objc; path = AFNetworkReachabilityManager.m; sourceTree = "<group>"; };
		AC10C0651839150100324068 /* AFSecurityPolicy.h */ = {isa = PBXFileReference; fileEncoding = 4; lastKnownFileType = sourcecode.c.h; path = AFSecurityPolicy.h; sourceTree = "<group>"; };
		AC10C0661839150100324068 /* AFSecurityPolicy.m */ = {isa = PBXFileReference; fileEncoding = 4; lastKnownFileType = sourcecode.c.objc; path = AFSecurityPolicy.m; sourceTree = "<group>"; };
		AC10C0671839150100324068 /* AFURLConnectionOperation.h */ = {isa = PBXFileReference; fileEncoding = 4; lastKnownFileType = sourcecode.c.h; path = AFURLConnectionOperation.h; sourceTree = "<group>"; };
		AC10C0681839150100324068 /* AFURLConnectionOperation.m */ = {isa = PBXFileReference; fileEncoding = 4; lastKnownFileType = sourcecode.c.objc; path = AFURLConnectionOperation.m; sourceTree = "<group>"; };
		AC10C0691839150100324068 /* AFURLRequestSerialization.h */ = {isa = PBXFileReference; fileEncoding = 4; lastKnownFileType = sourcecode.c.h; path = AFURLRequestSerialization.h; sourceTree = "<group>"; };
		AC10C06A1839150100324068 /* AFURLRequestSerialization.m */ = {isa = PBXFileReference; fileEncoding = 4; lastKnownFileType = sourcecode.c.objc; path = AFURLRequestSerialization.m; sourceTree = "<group>"; };
		AC10C06B1839150100324068 /* AFURLResponseSerialization.h */ = {isa = PBXFileReference; fileEncoding = 4; lastKnownFileType = sourcecode.c.h; path = AFURLResponseSerialization.h; sourceTree = "<group>"; };
		AC10C06C1839150100324068 /* AFURLResponseSerialization.m */ = {isa = PBXFileReference; fileEncoding = 4; lastKnownFileType = sourcecode.c.objc; path = AFURLResponseSerialization.m; sourceTree = "<group>"; };
		AC10C06D1839150100324068 /* AFURLSessionManager.h */ = {isa = PBXFileReference; fileEncoding = 4; lastKnownFileType = sourcecode.c.h; path = AFURLSessionManager.h; sourceTree = "<group>"; };
		AC10C06E1839150100324068 /* AFURLSessionManager.m */ = {isa = PBXFileReference; fileEncoding = 4; lastKnownFileType = sourcecode.c.objc; path = AFURLSessionManager.m; sourceTree = "<group>"; };
		AC10C0701839150100324068 /* AFNetworkActivityIndicatorManager.h */ = {isa = PBXFileReference; fileEncoding = 4; lastKnownFileType = sourcecode.c.h; path = AFNetworkActivityIndicatorManager.h; sourceTree = "<group>"; };
		AC10C0711839150100324068 /* AFNetworkActivityIndicatorManager.m */ = {isa = PBXFileReference; fileEncoding = 4; lastKnownFileType = sourcecode.c.objc; path = AFNetworkActivityIndicatorManager.m; sourceTree = "<group>"; };
		AC10C0721839150100324068 /* UIActivityIndicatorView+AFNetworking.h */ = {isa = PBXFileReference; fileEncoding = 4; lastKnownFileType = sourcecode.c.h; path = "UIActivityIndicatorView+AFNetworking.h"; sourceTree = "<group>"; };
		AC10C0731839150100324068 /* UIActivityIndicatorView+AFNetworking.m */ = {isa = PBXFileReference; fileEncoding = 4; lastKnownFileType = sourcecode.c.objc; path = "UIActivityIndicatorView+AFNetworking.m"; sourceTree = "<group>"; };
		AC10C0741839150100324068 /* UIAlertView+AFNetworking.h */ = {isa = PBXFileReference; fileEncoding = 4; lastKnownFileType = sourcecode.c.h; path = "UIAlertView+AFNetworking.h"; sourceTree = "<group>"; };
		AC10C0751839150100324068 /* UIAlertView+AFNetworking.m */ = {isa = PBXFileReference; fileEncoding = 4; lastKnownFileType = sourcecode.c.objc; path = "UIAlertView+AFNetworking.m"; sourceTree = "<group>"; };
		AC10C0761839150100324068 /* UIButton+AFNetworking.h */ = {isa = PBXFileReference; fileEncoding = 4; lastKnownFileType = sourcecode.c.h; path = "UIButton+AFNetworking.h"; sourceTree = "<group>"; };
		AC10C0771839150100324068 /* UIButton+AFNetworking.m */ = {isa = PBXFileReference; fileEncoding = 4; lastKnownFileType = sourcecode.c.objc; path = "UIButton+AFNetworking.m"; sourceTree = "<group>"; };
		AC10C0781839150100324068 /* UIImageView+AFNetworking.h */ = {isa = PBXFileReference; fileEncoding = 4; lastKnownFileType = sourcecode.c.h; path = "UIImageView+AFNetworking.h"; sourceTree = "<group>"; };
		AC10C0791839150100324068 /* UIImageView+AFNetworking.m */ = {isa = PBXFileReference; fileEncoding = 4; lastKnownFileType = sourcecode.c.objc; path = "UIImageView+AFNetworking.m"; sourceTree = "<group>"; };
		AC10C07A1839150100324068 /* UIKit+AFNetworking.h */ = {isa = PBXFileReference; fileEncoding = 4; lastKnownFileType = sourcecode.c.h; path = "UIKit+AFNetworking.h"; sourceTree = "<group>"; };
		AC10C07B1839150100324068 /* UIProgressView+AFNetworking.h */ = {isa = PBXFileReference; fileEncoding = 4; lastKnownFileType = sourcecode.c.h; path = "UIProgressView+AFNetworking.h"; sourceTree = "<group>"; };
		AC10C07C1839150100324068 /* UIProgressView+AFNetworking.m */ = {isa = PBXFileReference; fileEncoding = 4; lastKnownFileType = sourcecode.c.objc; path = "UIProgressView+AFNetworking.m"; sourceTree = "<group>"; };
		AC10C07D1839150100324068 /* UIWebView+AFNetworking.h */ = {isa = PBXFileReference; fileEncoding = 4; lastKnownFileType = sourcecode.c.h; path = "UIWebView+AFNetworking.h"; sourceTree = "<group>"; };
		AC10C07E1839150100324068 /* UIWebView+AFNetworking.m */ = {isa = PBXFileReference; fileEncoding = 4; lastKnownFileType = sourcecode.c.objc; path = "UIWebView+AFNetworking.m"; sourceTree = "<group>"; };
		AC10C0911839158200324068 /* CauinViewController.h */ = {isa = PBXFileReference; fileEncoding = 4; lastKnownFileType = sourcecode.c.h; path = CauinViewController.h; sourceTree = "<group>"; };
		AC10C0921839158200324068 /* CauinViewController.m */ = {isa = PBXFileReference; fileEncoding = 4; lastKnownFileType = sourcecode.c.objc; path = CauinViewController.m; sourceTree = "<group>"; };
		AC10C0931839158200324068 /* ChopeModel.h */ = {isa = PBXFileReference; fileEncoding = 4; lastKnownFileType = sourcecode.c.h; path = ChopeModel.h; sourceTree = "<group>"; };
		AC10C0941839158200324068 /* ChopeModel.m */ = {isa = PBXFileReference; fileEncoding = 4; lastKnownFileType = sourcecode.c.objc; path = ChopeModel.m; sourceTree = "<group>"; };
		AC10C0961839158200324068 /* ChopeNetwork.h */ = {isa = PBXFileReference; fileEncoding = 4; lastKnownFileType = sourcecode.c.h; path = ChopeNetwork.h; sourceTree = "<group>"; };
		AC10C0971839158200324068 /* ChopeNetwork.m */ = {isa = PBXFileReference; fileEncoding = 4; lastKnownFileType = sourcecode.c.objc; path = ChopeNetwork.m; sourceTree = "<group>"; };
		AC10C0991839158200324068 /* ChopeApplicationUtil.h */ = {isa = PBXFileReference; fileEncoding = 4; lastKnownFileType = sourcecode.c.h; path = ChopeApplicationUtil.h; sourceTree = "<group>"; };
		AC10C09A1839158200324068 /* ChopeApplicationUtil.m */ = {isa = PBXFileReference; fileEncoding = 4; lastKnownFileType = sourcecode.c.objc; path = ChopeApplicationUtil.m; sourceTree = "<group>"; };
		AC10C09B1839158200324068 /* ChopeDataUtil.h */ = {isa = PBXFileReference; fileEncoding = 4; lastKnownFileType = sourcecode.c.h; path = ChopeDataUtil.h; sourceTree = "<group>"; };
		AC10C09C1839158200324068 /* ChopeDataUtil.m */ = {isa = PBXFileReference; fileEncoding = 4; lastKnownFileType = sourcecode.c.objc; path = ChopeDataUtil.m; sourceTree = "<group>"; };
		AC10C09D1839158200324068 /* ChopeDeviceUtil.h */ = {isa = PBXFileReference; fileEncoding = 4; lastKnownFileType = sourcecode.c.h; path = ChopeDeviceUtil.h; sourceTree = "<group>"; };
		AC10C09E1839158200324068 /* ChopeDeviceUtil.m */ = {isa = PBXFileReference; fileEncoding = 4; lastKnownFileType = sourcecode.c.objc; path = ChopeDeviceUtil.m; sourceTree = "<group>"; };
		AC10C09F1839158200324068 /* ChopeStoryboardUtil.h */ = {isa = PBXFileReference; fileEncoding = 4; lastKnownFileType = sourcecode.c.h; path = ChopeStoryboardUtil.h; sourceTree = "<group>"; };
		AC10C0A01839158200324068 /* ChopeStoryboardUtil.m */ = {isa = PBXFileReference; fileEncoding = 4; lastKnownFileType = sourcecode.c.objc; path = ChopeStoryboardUtil.m; sourceTree = "<group>"; };
		AC10C0A21839158200324068 /* ChopeLoadingView.h */ = {isa = PBXFileReference; fileEncoding = 4; lastKnownFileType = sourcecode.c.h; path = ChopeLoadingView.h; sourceTree = "<group>"; };
		AC10C0A31839158200324068 /* ChopeLoadingView.m */ = {isa = PBXFileReference; fileEncoding = 4; lastKnownFileType = sourcecode.c.objc; path = ChopeLoadingView.m; sourceTree = "<group>"; };
/* End PBXFileReference section */

/* Begin PBXFrameworksBuildPhase section */
		AC10BFC61839139900324068 /* Frameworks */ = {
			isa = PBXFrameworksBuildPhase;
			buildActionMask = 2147483647;
			files = (
				AC10BFCF1839139900324068 /* CoreGraphics.framework in Frameworks */,
				AC10BFD31839139900324068 /* CoreData.framework in Frameworks */,
				AC10BFD11839139900324068 /* UIKit.framework in Frameworks */,
				AC10BFCD1839139900324068 /* Foundation.framework in Frameworks */,
			);
			runOnlyForDeploymentPostprocessing = 0;
		};
		AC10BFE61839139A00324068 /* Frameworks */ = {
			isa = PBXFrameworksBuildPhase;
			buildActionMask = 2147483647;
			files = (
				AC10BFEB1839139A00324068 /* XCTest.framework in Frameworks */,
				AC10BFEE1839139A00324068 /* CoreData.framework in Frameworks */,
				AC10BFED1839139A00324068 /* UIKit.framework in Frameworks */,
				AC10BFEC1839139A00324068 /* Foundation.framework in Frameworks */,
			);
			runOnlyForDeploymentPostprocessing = 0;
		};
/* End PBXFrameworksBuildPhase section */

/* Begin PBXGroup section */
		AC10BFC01839139900324068 = {
			isa = PBXGroup;
			children = (
				AC10C08F1839158200324068 /* Classes */,
				AC10C0591839150100324068 /* Vendors */,
				AC10BFD41839139A00324068 /* ChopeLibrary */,
				AC10BFF11839139A00324068 /* ChopeLibraryTests */,
				AC10BFCB1839139900324068 /* Frameworks */,
				AC10BFCA1839139900324068 /* Products */,
			);
			sourceTree = "<group>";
		};
		AC10BFCA1839139900324068 /* Products */ = {
			isa = PBXGroup;
			children = (
				AC10BFC91839139900324068 /* ChopeLibrary.app */,
				AC10BFE91839139A00324068 /* ChopeLibraryTests.xctest */,
			);
			name = Products;
			sourceTree = "<group>";
		};
		AC10BFCB1839139900324068 /* Frameworks */ = {
			isa = PBXGroup;
			children = (
				AC10C0571839147700324068 /* MobileCoreServices.framework */,
				AC10C0551839147200324068 /* SystemConfiguration.framework */,
				AC10BFCC1839139900324068 /* Foundation.framework */,
				AC10BFCE1839139900324068 /* CoreGraphics.framework */,
				AC10BFD01839139900324068 /* UIKit.framework */,
				AC10BFD21839139900324068 /* CoreData.framework */,
				AC10BFEA1839139A00324068 /* XCTest.framework */,
			);
			name = Frameworks;
			sourceTree = "<group>";
		};
		AC10BFD41839139A00324068 /* ChopeLibrary */ = {
			isa = PBXGroup;
			children = (
				AC10BFDD1839139A00324068 /* ChopeAppDelegate.h */,
				AC10BFDE1839139A00324068 /* ChopeAppDelegate.m */,
				AC10BFE31839139A00324068 /* Images.xcassets */,
				AC10BFE01839139A00324068 /* ChopeLibrary.xcdatamodeld */,
				AC10BFD51839139A00324068 /* Supporting Files */,
			);
			path = ChopeLibrary;
			sourceTree = "<group>";
		};
		AC10BFD51839139A00324068 /* Supporting Files */ = {
			isa = PBXGroup;
			children = (
				AC10BFD61839139A00324068 /* ChopeLibrary-Info.plist */,
				AC10BFD71839139A00324068 /* InfoPlist.strings */,
				AC10BFDA1839139A00324068 /* main.m */,
				AC10BFDC1839139A00324068 /* ChopeLibrary-Prefix.pch */,
			);
			name = "Supporting Files";
			sourceTree = "<group>";
		};
		AC10BFF11839139A00324068 /* ChopeLibraryTests */ = {
			isa = PBXGroup;
			children = (
				AC10BFF21839139A00324068 /* Supporting Files */,
				AC10BFF71839139A00324068 /* ChopeLibraryTests.m */,
				AC10C01B1839140A00324068 /* ChopeDataUtilTests.m */,
				AC10C01C1839140A00324068 /* ChopeDeviceUtilTests.m */,
			);
			path = ChopeLibraryTests;
			sourceTree = "<group>";
		};
		AC10BFF21839139A00324068 /* Supporting Files */ = {
			isa = PBXGroup;
			children = (
				AC10BFF31839139A00324068 /* ChopeLibraryTests-Info.plist */,
				AC10BFF41839139A00324068 /* InfoPlist.strings */,
			);
			name = "Supporting Files";
			sourceTree = "<group>";
		};
		AC10C0591839150100324068 /* Vendors */ = {
			isa = PBXGroup;
			children = (
				AC10C05A1839150100324068 /* AFNetworking */,
			);
			path = Vendors;
			sourceTree = "<group>";
		};
		AC10C05A1839150100324068 /* AFNetworking */ = {
			isa = PBXGroup;
			children = (
				AC10C05B1839150100324068 /* AFNetworking */,
				AC10C06F1839150100324068 /* UIKit+AFNetworking */,
			);
			path = AFNetworking;
			sourceTree = "<group>";
		};
		AC10C05B1839150100324068 /* AFNetworking */ = {
			isa = PBXGroup;
			children = (
				AC10C05C1839150100324068 /* AFHTTPRequestOperation.h */,
				AC10C05D1839150100324068 /* AFHTTPRequestOperation.m */,
				AC10C05E1839150100324068 /* AFHTTPRequestOperationManager.h */,
				AC10C05F1839150100324068 /* AFHTTPRequestOperationManager.m */,
				AC10C0601839150100324068 /* AFHTTPSessionManager.h */,
				AC10C0611839150100324068 /* AFHTTPSessionManager.m */,
				AC10C0621839150100324068 /* AFNetworking.h */,
				AC10C0631839150100324068 /* AFNetworkReachabilityManager.h */,
				AC10C0641839150100324068 /* AFNetworkReachabilityManager.m */,
				AC10C0651839150100324068 /* AFSecurityPolicy.h */,
				AC10C0661839150100324068 /* AFSecurityPolicy.m */,
				AC10C0671839150100324068 /* AFURLConnectionOperation.h */,
				AC10C0681839150100324068 /* AFURLConnectionOperation.m */,
				AC10C0691839150100324068 /* AFURLRequestSerialization.h */,
				AC10C06A1839150100324068 /* AFURLRequestSerialization.m */,
				AC10C06B1839150100324068 /* AFURLResponseSerialization.h */,
				AC10C06C1839150100324068 /* AFURLResponseSerialization.m */,
				AC10C06D1839150100324068 /* AFURLSessionManager.h */,
				AC10C06E1839150100324068 /* AFURLSessionManager.m */,
			);
			path = AFNetworking;
			sourceTree = "<group>";
		};
		AC10C06F1839150100324068 /* UIKit+AFNetworking */ = {
			isa = PBXGroup;
			children = (
				AC10C0701839150100324068 /* AFNetworkActivityIndicatorManager.h */,
				AC10C0711839150100324068 /* AFNetworkActivityIndicatorManager.m */,
				AC10C0721839150100324068 /* UIActivityIndicatorView+AFNetworking.h */,
				AC10C0731839150100324068 /* UIActivityIndicatorView+AFNetworking.m */,
				AC10C0741839150100324068 /* UIAlertView+AFNetworking.h */,
				AC10C0751839150100324068 /* UIAlertView+AFNetworking.m */,
				AC10C0761839150100324068 /* UIButton+AFNetworking.h */,
				AC10C0771839150100324068 /* UIButton+AFNetworking.m */,
				AC10C0781839150100324068 /* UIImageView+AFNetworking.h */,
				AC10C0791839150100324068 /* UIImageView+AFNetworking.m */,
				AC10C07A1839150100324068 /* UIKit+AFNetworking.h */,
				AC10C07B1839150100324068 /* UIProgressView+AFNetworking.h */,
				AC10C07C1839150100324068 /* UIProgressView+AFNetworking.m */,
				AC10C07D1839150100324068 /* UIWebView+AFNetworking.h */,
				AC10C07E1839150100324068 /* UIWebView+AFNetworking.m */,
			);
			path = "UIKit+AFNetworking";
			sourceTree = "<group>";
		};
		AC10C08F1839158200324068 /* Classes */ = {
			isa = PBXGroup;
			children = (
				AC10C0901839158200324068 /* MVC */,
				AC10C0951839158200324068 /* Network */,
				AC10C0981839158200324068 /* Utils */,
				AC10C0A11839158200324068 /* Views */,
			);
			path = Classes;
			sourceTree = "<group>";
		};
		AC10C0901839158200324068 /* MVC */ = {
			isa = PBXGroup;
			children = (
				AC10C0911839158200324068 /* CauinViewController.h */,
				AC10C0921839158200324068 /* CauinViewController.m */,
				AC10C0931839158200324068 /* ChopeModel.h */,
				AC10C0941839158200324068 /* ChopeModel.m */,
			);
			path = MVC;
			sourceTree = "<group>";
		};
		AC10C0951839158200324068 /* Network */ = {
			isa = PBXGroup;
			children = (
				AC10C0961839158200324068 /* ChopeNetwork.h */,
				AC10C0971839158200324068 /* ChopeNetwork.m */,
			);
			path = Network;
			sourceTree = "<group>";
		};
		AC10C0981839158200324068 /* Utils */ = {
			isa = PBXGroup;
			children = (
				AC10C0991839158200324068 /* ChopeApplicationUtil.h */,
				AC10C09A1839158200324068 /* ChopeApplicationUtil.m */,
				AC10C09B1839158200324068 /* ChopeDataUtil.h */,
				AC10C09C1839158200324068 /* ChopeDataUtil.m */,
				AC10C09D1839158200324068 /* ChopeDeviceUtil.h */,
				AC10C09E1839158200324068 /* ChopeDeviceUtil.m */,
				AC10C09F1839158200324068 /* ChopeStoryboardUtil.h */,
				AC10C0A01839158200324068 /* ChopeStoryboardUtil.m */,
			);
			path = Utils;
			sourceTree = "<group>";
		};
		AC10C0A11839158200324068 /* Views */ = {
			isa = PBXGroup;
			children = (
				AC10C0A21839158200324068 /* ChopeLoadingView.h */,
				AC10C0A31839158200324068 /* ChopeLoadingView.m */,
			);
			path = Views;
			sourceTree = "<group>";
		};
/* End PBXGroup section */

/* Begin PBXNativeTarget section */
		AC10BFC81839139900324068 /* ChopeLibrary */ = {
			isa = PBXNativeTarget;
			buildConfigurationList = AC10BFFB1839139A00324068 /* Build configuration list for PBXNativeTarget "ChopeLibrary" */;
			buildPhases = (
				AC10BFC51839139900324068 /* Sources */,
				AC10BFC61839139900324068 /* Frameworks */,
				AC10BFC71839139900324068 /* Resources */,
			);
			buildRules = (
			);
			dependencies = (
			);
			name = ChopeLibrary;
			productName = ChopeLibrary;
			productReference = AC10BFC91839139900324068 /* ChopeLibrary.app */;
			productType = "com.apple.product-type.application";
		};
		AC10BFE81839139A00324068 /* ChopeLibraryTests */ = {
			isa = PBXNativeTarget;
			buildConfigurationList = AC10BFFE1839139A00324068 /* Build configuration list for PBXNativeTarget "ChopeLibraryTests" */;
			buildPhases = (
				AC10BFE51839139A00324068 /* Sources */,
				AC10BFE61839139A00324068 /* Frameworks */,
				AC10BFE71839139A00324068 /* Resources */,
			);
			buildRules = (
			);
			dependencies = (
				AC10BFF01839139A00324068 /* PBXTargetDependency */,
			);
			name = ChopeLibraryTests;
			productName = ChopeLibraryTests;
			productReference = AC10BFE91839139A00324068 /* ChopeLibraryTests.xctest */;
			productType = "com.apple.product-type.bundle.unit-test";
		};
/* End PBXNativeTarget section */

/* Begin PBXProject section */
		AC10BFC11839139900324068 /* Project object */ = {
			isa = PBXProject;
			attributes = {
				CLASSPREFIX = Chope;
				LastUpgradeCheck = 0500;
				ORGANIZATIONNAME = Chope;
				TargetAttributes = {
					AC10BFC81839139900324068 = {
						DevelopmentTeam = JKB83V3G9Q;
					};
					AC10BFE81839139A00324068 = {
						TestTargetID = AC10BFC81839139900324068;
					};
				};
			};
			buildConfigurationList = AC10BFC41839139900324068 /* Build configuration list for PBXProject "ChopeLibrary" */;
			compatibilityVersion = "Xcode 3.2";
			developmentRegion = English;
			hasScannedForEncodings = 0;
			knownRegions = (
				en,
			);
			mainGroup = AC10BFC01839139900324068;
			productRefGroup = AC10BFCA1839139900324068 /* Products */;
			projectDirPath = "";
			projectRoot = "";
			targets = (
				AC10BFC81839139900324068 /* ChopeLibrary */,
				AC10BFE81839139A00324068 /* ChopeLibraryTests */,
			);
		};
/* End PBXProject section */

/* Begin PBXResourcesBuildPhase section */
		AC10BFC71839139900324068 /* Resources */ = {
			isa = PBXResourcesBuildPhase;
			buildActionMask = 2147483647;
			files = (
				AC10BFD91839139A00324068 /* InfoPlist.strings in Resources */,
				AC10BFE41839139A00324068 /* Images.xcassets in Resources */,
			);
			runOnlyForDeploymentPostprocessing = 0;
		};
		AC10BFE71839139A00324068 /* Resources */ = {
			isa = PBXResourcesBuildPhase;
			buildActionMask = 2147483647;
			files = (
				AC10BFF61839139A00324068 /* InfoPlist.strings in Resources */,
			);
			runOnlyForDeploymentPostprocessing = 0;
		};
/* End PBXResourcesBuildPhase section */

/* Begin PBXSourcesBuildPhase section */
		AC10BFC51839139900324068 /* Sources */ = {
			isa = PBXSourcesBuildPhase;
			buildActionMask = 2147483647;
			files = (
				AC10C07F1839150100324068 /* AFHTTPRequestOperation.m in Sources */,
				AC10C0A81839158200324068 /* ChopeDataUtil.m in Sources */,
				AC10BFE21839139A00324068 /* ChopeLibrary.xcdatamodeld in Sources */,
				AC10C0881839150100324068 /* AFNetworkActivityIndicatorManager.m in Sources */,
				AC10C0A51839158200324068 /* ChopeModel.m in Sources */,
				AC10C0871839150100324068 /* AFURLSessionManager.m in Sources */,
				AC10C0811839150100324068 /* AFHTTPSessionManager.m in Sources */,
				AC10BFDF1839139A00324068 /* ChopeAppDelegate.m in Sources */,
				AC10C0821839150100324068 /* AFNetworkReachabilityManager.m in Sources */,
				AC10C0A61839158200324068 /* ChopeNetwork.m in Sources */,
				AC10C0A41839158200324068 /* CauinViewController.m in Sources */,
				AC10C0A71839158200324068 /* ChopeApplicationUtil.m in Sources */,
				AC10C0A91839158200324068 /* ChopeDeviceUtil.m in Sources */,
				AC10C08E1839150100324068 /* UIWebView+AFNetworking.m in Sources */,
				AC10C08C1839150100324068 /* UIImageView+AFNetworking.m in Sources */,
				AC10C08D1839150100324068 /* UIProgressView+AFNetworking.m in Sources */,
				AC10C0861839150100324068 /* AFURLResponseSerialization.m in Sources */,
				AC10C0851839150100324068 /* AFURLRequestSerialization.m in Sources */,
				AC10C0AB1839158200324068 /* ChopeLoadingView.m in Sources */,
				AC10C0841839150100324068 /* AFURLConnectionOperation.m in Sources */,
				AC10C08B1839150100324068 /* UIButton+AFNetworking.m in Sources */,
				AC10C0891839150100324068 /* UIActivityIndicatorView+AFNetworking.m in Sources */,
				AC10C0801839150100324068 /* AFHTTPRequestOperationManager.m in Sources */,
				AC10C0831839150100324068 /* AFSecurityPolicy.m in Sources */,
				AC10BFDB1839139A00324068 /* main.m in Sources */,
				AC10C0AA1839158200324068 /* ChopeStoryboardUtil.m in Sources */,
				AC10C08A1839150100324068 /* UIAlertView+AFNetworking.m in Sources */,
			);
			runOnlyForDeploymentPostprocessing = 0;
		};
		AC10BFE51839139A00324068 /* Sources */ = {
			isa = PBXSourcesBuildPhase;
			buildActionMask = 2147483647;
			files = (
				AC10C01E1839140A00324068 /* ChopeDeviceUtilTests.m in Sources */,
				AC10BFF81839139A00324068 /* ChopeLibraryTests.m in Sources */,
				AC10C01D1839140A00324068 /* ChopeDataUtilTests.m in Sources */,
			);
			runOnlyForDeploymentPostprocessing = 0;
		};
/* End PBXSourcesBuildPhase section */

/* Begin PBXTargetDependency section */
		AC10BFF01839139A00324068 /* PBXTargetDependency */ = {
			isa = PBXTargetDependency;
			target = AC10BFC81839139900324068 /* ChopeLibrary */;
			targetProxy = AC10BFEF1839139A00324068 /* PBXContainerItemProxy */;
		};
/* End PBXTargetDependency section */

/* Begin PBXVariantGroup section */
		AC10BFD71839139A00324068 /* InfoPlist.strings */ = {
			isa = PBXVariantGroup;
			children = (
				AC10BFD81839139A00324068 /* en */,
			);
			name = InfoPlist.strings;
			sourceTree = "<group>";
		};
		AC10BFF41839139A00324068 /* InfoPlist.strings */ = {
			isa = PBXVariantGroup;
			children = (
				AC10BFF51839139A00324068 /* en */,
			);
			name = InfoPlist.strings;
			sourceTree = "<group>";
		};
/* End PBXVariantGroup section */

/* Begin XCBuildConfiguration section */
		AC10BFF91839139A00324068 /* Debug */ = {
			isa = XCBuildConfiguration;
			buildSettings = {
				ALWAYS_SEARCH_USER_PATHS = NO;
				ARCHS = "$(ARCHS_STANDARD_INCLUDING_64_BIT)";
				CLANG_CXX_LANGUAGE_STANDARD = "gnu++0x";
				CLANG_CXX_LIBRARY = "libc++";
				CLANG_ENABLE_MODULES = YES;
				CLANG_ENABLE_OBJC_ARC = YES;
				CLANG_WARN_BOOL_CONVERSION = YES;
				CLANG_WARN_CONSTANT_CONVERSION = YES;
				CLANG_WARN_DIRECT_OBJC_ISA_USAGE = YES_ERROR;
				CLANG_WARN_EMPTY_BODY = YES;
				CLANG_WARN_ENUM_CONVERSION = YES;
				CLANG_WARN_INT_CONVERSION = YES;
				CLANG_WARN_OBJC_ROOT_CLASS = YES_ERROR;
				CLANG_WARN__DUPLICATE_METHOD_MATCH = YES;
				"CODE_SIGN_IDENTITY[sdk=iphoneos*]" = "iPhone Developer";
				COPY_PHASE_STRIP = NO;
				GCC_C_LANGUAGE_STANDARD = gnu99;
				GCC_DYNAMIC_NO_PIC = NO;
				GCC_OPTIMIZATION_LEVEL = 0;
				GCC_PREPROCESSOR_DEFINITIONS = (
					"DEBUG=1",
					"$(inherited)",
				);
				GCC_SYMBOLS_PRIVATE_EXTERN = NO;
				GCC_WARN_64_TO_32_BIT_CONVERSION = YES;
				GCC_WARN_ABOUT_RETURN_TYPE = YES_ERROR;
				GCC_WARN_UNDECLARED_SELECTOR = YES;
				GCC_WARN_UNINITIALIZED_AUTOS = YES;
				GCC_WARN_UNUSED_FUNCTION = YES;
				GCC_WARN_UNUSED_VARIABLE = YES;
				IPHONEOS_DEPLOYMENT_TARGET = 7.0;
				ONLY_ACTIVE_ARCH = YES;
				SDKROOT = iphoneos;
			};
			name = Debug;
		};
		AC10BFFA1839139A00324068 /* Release */ = {
			isa = XCBuildConfiguration;
			buildSettings = {
				ALWAYS_SEARCH_USER_PATHS = NO;
				ARCHS = "$(ARCHS_STANDARD_INCLUDING_64_BIT)";
				CLANG_CXX_LANGUAGE_STANDARD = "gnu++0x";
				CLANG_CXX_LIBRARY = "libc++";
				CLANG_ENABLE_MODULES = YES;
				CLANG_ENABLE_OBJC_ARC = YES;
				CLANG_WARN_BOOL_CONVERSION = YES;
				CLANG_WARN_CONSTANT_CONVERSION = YES;
				CLANG_WARN_DIRECT_OBJC_ISA_USAGE = YES_ERROR;
				CLANG_WARN_EMPTY_BODY = YES;
				CLANG_WARN_ENUM_CONVERSION = YES;
				CLANG_WARN_INT_CONVERSION = YES;
				CLANG_WARN_OBJC_ROOT_CLASS = YES_ERROR;
				CLANG_WARN__DUPLICATE_METHOD_MATCH = YES;
				"CODE_SIGN_IDENTITY[sdk=iphoneos*]" = "iPhone Developer";
				COPY_PHASE_STRIP = YES;
				ENABLE_NS_ASSERTIONS = NO;
				GCC_C_LANGUAGE_STANDARD = gnu99;
				GCC_WARN_64_TO_32_BIT_CONVERSION = YES;
				GCC_WARN_ABOUT_RETURN_TYPE = YES_ERROR;
				GCC_WARN_UNDECLARED_SELECTOR = YES;
				GCC_WARN_UNINITIALIZED_AUTOS = YES;
				GCC_WARN_UNUSED_FUNCTION = YES;
				GCC_WARN_UNUSED_VARIABLE = YES;
				IPHONEOS_DEPLOYMENT_TARGET = 7.0;
				SDKROOT = iphoneos;
				VALIDATE_PRODUCT = YES;
			};
			name = Release;
		};
		AC10BFFC1839139A00324068 /* Debug */ = {
			isa = XCBuildConfiguration;
			buildSettings = {
				ASSETCATALOG_COMPILER_APPICON_NAME = AppIcon;
				ASSETCATALOG_COMPILER_LAUNCHIMAGE_NAME = LaunchImage;
				CODE_SIGN_IDENTITY = "iPhone Developer";
				GCC_PRECOMPILE_PREFIX_HEADER = YES;
				GCC_PREFIX_HEADER = "ChopeLibrary/ChopeLibrary-Prefix.pch";
				INFOPLIST_FILE = "ChopeLibrary/ChopeLibrary-Info.plist";
				PRODUCT_NAME = "$(TARGET_NAME)";
				WRAPPER_EXTENSION = app;
			};
			name = Debug;
		};
		AC10BFFD1839139A00324068 /* Release */ = {
			isa = XCBuildConfiguration;
			buildSettings = {
				ASSETCATALOG_COMPILER_APPICON_NAME = AppIcon;
				ASSETCATALOG_COMPILER_LAUNCHIMAGE_NAME = LaunchImage;
				CODE_SIGN_IDENTITY = "iPhone Developer";
				GCC_PRECOMPILE_PREFIX_HEADER = YES;
				GCC_PREFIX_HEADER = "ChopeLibrary/ChopeLibrary-Prefix.pch";
				INFOPLIST_FILE = "ChopeLibrary/ChopeLibrary-Info.plist";
				PRODUCT_NAME = "$(TARGET_NAME)";
				WRAPPER_EXTENSION = app;
			};
			name = Release;
		};
		AC10BFFF1839139A00324068 /* Debug */ = {
			isa = XCBuildConfiguration;
			buildSettings = {
				ARCHS = "$(ARCHS_STANDARD_INCLUDING_64_BIT)";
				BUNDLE_LOADER = "$(BUILT_PRODUCTS_DIR)/ChopeLibrary.app/ChopeLibrary";
				FRAMEWORK_SEARCH_PATHS = (
					"$(SDKROOT)/Developer/Library/Frameworks",
					"$(inherited)",
					"$(DEVELOPER_FRAMEWORKS_DIR)",
				);
				GCC_PRECOMPILE_PREFIX_HEADER = YES;
				GCC_PREFIX_HEADER = "ChopeLibrary/ChopeLibrary-Prefix.pch";
				GCC_PREPROCESSOR_DEFINITIONS = (
					"DEBUG=1",
					"$(inherited)",
				);
				INFOPLIST_FILE = "ChopeLibraryTests/ChopeLibraryTests-Info.plist";
				PRODUCT_NAME = "$(TARGET_NAME)";
				TEST_HOST = "$(BUNDLE_LOADER)";
				WRAPPER_EXTENSION = xctest;
			};
			name = Debug;
		};
		AC10C0001839139A00324068 /* Release */ = {
			isa = XCBuildConfiguration;
			buildSettings = {
				ARCHS = "$(ARCHS_STANDARD_INCLUDING_64_BIT)";
				BUNDLE_LOADER = "$(BUILT_PRODUCTS_DIR)/ChopeLibrary.app/ChopeLibrary";
				FRAMEWORK_SEARCH_PATHS = (
					"$(SDKROOT)/Developer/Library/Frameworks",
					"$(inherited)",
					"$(DEVELOPER_FRAMEWORKS_DIR)",
				);
				GCC_PRECOMPILE_PREFIX_HEADER = YES;
				GCC_PREFIX_HEADER = "ChopeLibrary/ChopeLibrary-Prefix.pch";
				INFOPLIST_FILE = "ChopeLibraryTests/ChopeLibraryTests-Info.plist";
				PRODUCT_NAME = "$(TARGET_NAME)";
				TEST_HOST = "$(BUNDLE_LOADER)";
				WRAPPER_EXTENSION = xctest;
			};
			name = Release;
		};
/* End XCBuildConfiguration section */

/* Begin XCConfigurationList section */
		AC10BFC41839139900324068 /* Build configuration list for PBXProject "ChopeLibrary" */ = {
			isa = XCConfigurationList;
			buildConfigurations = (
				AC10BFF91839139A00324068 /* Debug */,
				AC10BFFA1839139A00324068 /* Release */,
			);
			defaultConfigurationIsVisible = 0;
			defaultConfigurationName = Release;
		};
		AC10BFFB1839139A00324068 /* Build configuration list for PBXNativeTarget "ChopeLibrary" */ = {
			isa = XCConfigurationList;
			buildConfigurations = (
				AC10BFFC1839139A00324068 /* Debug */,
				AC10BFFD1839139A00324068 /* Release */,
			);
			defaultConfigurationIsVisible = 0;
		};
		AC10BFFE1839139A00324068 /* Build configuration list for PBXNativeTarget "ChopeLibraryTests" */ = {
			isa = XCConfigurationList;
			buildConfigurations = (
				AC10BFFF1839139A00324068 /* Debug */,
				AC10C0001839139A00324068 /* Release */,
			);
			defaultConfigurationIsVisible = 0;
		};
/* End XCConfigurationList section */

/* Begin XCVersionGroup section */
		AC10BFE01839139A00324068 /* ChopeLibrary.xcdatamodeld */ = {
			isa = XCVersionGroup;
			children = (
				AC10BFE11839139A00324068 /* ChopeLibrary.xcdatamodel */,
			);
			currentVersion = AC10BFE11839139A00324068 /* ChopeLibrary.xcdatamodel */;
			path = ChopeLibrary.xcdatamodeld;
			sourceTree = "<group>";
			versionGroupType = wrapper.xcdatamodel;
		};
/* End XCVersionGroup section */
	};
	rootObject = AC10BFC11839139900324068 /* Project object */;
}
