// !$*UTF8*$!
{
	archiveVersion = 1;
	classes = {
	};
	objectVersion = 46;
	objects = {

/* Begin PBXBuildFile section */
		1D6C2524194449C900340305 /* CPParseAccount.m in Sources */ = {isa = PBXBuildFile; fileRef = 1D6C2522194449C900340305 /* CPParseAccount.m */; };
		1DA166FC191A9AC200AF4466 /* CPLoadingView.m in Sources */ = {isa = PBXBuildFile; fileRef = 1DA166FB191A9AC200AF4466 /* CPLoadingView.m */; };
		1DDB64DB191771D60023388F /* CPFacebook.m in Sources */ = {isa = PBXBuildFile; fileRef = 1DDB64D6191771D60023388F /* CPFacebook.m */; };
		1DDB64DC191771D60023388F /* CPKakao.m in Sources */ = {isa = PBXBuildFile; fileRef = 1DDB64D8191771D60023388F /* CPKakao.m */; };
		1DDB64DD191771D60023388F /* CPThirdpartyAccount.m in Sources */ = {isa = PBXBuildFile; fileRef = 1DDB64DA191771D60023388F /* CPThirdpartyAccount.m */; };
		1DDB64DF191772530023388F /* KakaoOpenSDK.framework in Frameworks */ = {isa = PBXBuildFile; fileRef = 1DDB64DE191772530023388F /* KakaoOpenSDK.framework */; };
		1DFD68141940BD670005A09A /* CPTableViewCell.m in Sources */ = {isa = PBXBuildFile; fileRef = 1DFD68131940BD670005A09A /* CPTableViewCell.m */; };
		3E11B1C87252AB8FD6054BEE /* CPTableViewController.m in Sources */ = {isa = PBXBuildFile; fileRef = 3E11B06BEF09E54519C21BAF /* CPTableViewController.m */; };
		3E11B392CC9C57E499A021E5 /* UIApplication+ChopeApplication.m in Sources */ = {isa = PBXBuildFile; fileRef = 3E11BD69C1DFA26D6F5E577D /* UIApplication+ChopeApplication.m */; };
		3E11B4C41CE8A7920E79A6B9 /* UIViewController+Chope.m in Sources */ = {isa = PBXBuildFile; fileRef = 3E11BADAAAAA704187D41A9C /* UIViewController+Chope.m */; };
		3E11B5948B4218462741F457 /* UILabel+ChopeResize.m in Sources */ = {isa = PBXBuildFile; fileRef = 3E11B2B628196C23F4403209 /* UILabel+ChopeResize.m */; };
		3E11B5EC4E9C39C6EA83ED31 /* CPTestLabelTableViewCell.m in Sources */ = {isa = PBXBuildFile; fileRef = 3E11B1C6244749645811F62C /* CPTestLabelTableViewCell.m */; };
		3E11B6AA6DBC9C63ACDFA7FC /* UIImage+ChopeImage.m in Sources */ = {isa = PBXBuildFile; fileRef = 3E11B8F4AE3FB1298E26C1C0 /* UIImage+ChopeImage.m */; };
		3E11B72B130BA845706DD2FE /* NSObject+ChopeValue.m in Sources */ = {isa = PBXBuildFile; fileRef = 3E11B55146B8C15DDE523CBB /* NSObject+ChopeValue.m */; };
		3E11B848D055E6D5CFE97547 /* CPAppearance.m in Sources */ = {isa = PBXBuildFile; fileRef = 3E11BB01BDE474173A9C6D90 /* CPAppearance.m */; };
		3E11B896BBE9B6A7502D679E /* NSString+ChopeSize.m in Sources */ = {isa = PBXBuildFile; fileRef = 3E11B15658B707AA65CE207D /* NSString+ChopeSize.m */; };
		3E11B9D56A84DC9103D2EB79 /* UIView+ChopeView.m in Sources */ = {isa = PBXBuildFile; fileRef = 3E11B59258146CCD8D6E1329 /* UIView+ChopeView.m */; };
		3E11BAF8CBE23D0AFA8DFB2E /* UIScrollView+ChopePage.m in Sources */ = {isa = PBXBuildFile; fileRef = 3E11BF3FD7F27A40E0119BA2 /* UIScrollView+ChopePage.m */; };
		3E11BBB7669C3A2E793687F3 /* CPCoreTestViewController.m in Sources */ = {isa = PBXBuildFile; fileRef = 3E11B9B9905D7CD102F94AD9 /* CPCoreTestViewController.m */; };
		3E11BC44C9BF0008B8CA8866 /* UIView+ChopeAnimation.m in Sources */ = {isa = PBXBuildFile; fileRef = 3E11BB86A0C19B72428F43A7 /* UIView+ChopeAnimation.m */; };
		3E11BCDF175E7BF0B742798D /* UIColor+ChopeColor.m in Sources */ = {isa = PBXBuildFile; fileRef = 3E11BBA22F5218DA028BB8EE /* UIColor+ChopeColor.m */; };
		3E11BD447061671EE0096D95 /* CPTestTableViewController.m in Sources */ = {isa = PBXBuildFile; fileRef = 3E11BFC12D9DFA0792FA1574 /* CPTestTableViewController.m */; };
		3E11BDFDA3414B8E98BACFAE /* NSDictionary+ChopeValue.m in Sources */ = {isa = PBXBuildFile; fileRef = 3E11B925047E640363DFF944 /* NSDictionary+ChopeValue.m */; };
		3E11BE56EC64B040983C830B /* CPViewController.m in Sources */ = {isa = PBXBuildFile; fileRef = 3E11BEDE436B31200917A006 /* CPViewController.m */; };
		3E11BF4C0FEC48DB664153DB /* NSString+Chope.m in Sources */ = {isa = PBXBuildFile; fileRef = 3E11BD393100F18E35379D42 /* NSString+Chope.m */; };
		4D57EF390F63447C85EFF1B7 /* libPods.a in Frameworks */ = {isa = PBXBuildFile; fileRef = E0040420BDF14F82A25AD913 /* libPods.a */; };
		AC10BFCD1839139900324068 /* Foundation.framework in Frameworks */ = {isa = PBXBuildFile; fileRef = AC10BFCC1839139900324068 /* Foundation.framework */; };
		AC10BFCF1839139900324068 /* CoreGraphics.framework in Frameworks */ = {isa = PBXBuildFile; fileRef = AC10BFCE1839139900324068 /* CoreGraphics.framework */; };
		AC10BFD11839139900324068 /* UIKit.framework in Frameworks */ = {isa = PBXBuildFile; fileRef = AC10BFD01839139900324068 /* UIKit.framework */; };
		AC10BFD31839139900324068 /* CoreData.framework in Frameworks */ = {isa = PBXBuildFile; fileRef = AC10BFD21839139900324068 /* CoreData.framework */; };
		AC10BFD91839139A00324068 /* InfoPlist.strings in Resources */ = {isa = PBXBuildFile; fileRef = AC10BFD71839139A00324068 /* InfoPlist.strings */; };
		AC10BFDB1839139A00324068 /* main.m in Sources */ = {isa = PBXBuildFile; fileRef = AC10BFDA1839139A00324068 /* main.m */; };
		AC10BFDF1839139A00324068 /* CPAppDelegate.m in Sources */ = {isa = PBXBuildFile; fileRef = AC10BFDE1839139A00324068 /* CPAppDelegate.m */; };
		AC10BFE41839139A00324068 /* Images.xcassets in Resources */ = {isa = PBXBuildFile; fileRef = AC10BFE31839139A00324068 /* Images.xcassets */; };
		AC10BFEB1839139A00324068 /* XCTest.framework in Frameworks */ = {isa = PBXBuildFile; fileRef = AC10BFEA1839139A00324068 /* XCTest.framework */; };
		AC10BFEC1839139A00324068 /* Foundation.framework in Frameworks */ = {isa = PBXBuildFile; fileRef = AC10BFCC1839139900324068 /* Foundation.framework */; };
		AC10BFED1839139A00324068 /* UIKit.framework in Frameworks */ = {isa = PBXBuildFile; fileRef = AC10BFD01839139900324068 /* UIKit.framework */; };
		AC10BFEE1839139A00324068 /* CoreData.framework in Frameworks */ = {isa = PBXBuildFile; fileRef = AC10BFD21839139900324068 /* CoreData.framework */; };
		AC10BFF61839139A00324068 /* InfoPlist.strings in Resources */ = {isa = PBXBuildFile; fileRef = AC10BFF41839139A00324068 /* InfoPlist.strings */; };
		AC10BFF81839139A00324068 /* ChopeLibraryTests.m in Sources */ = {isa = PBXBuildFile; fileRef = AC10BFF71839139A00324068 /* ChopeLibraryTests.m */; };
		AC10C01E1839140A00324068 /* ChopeDeviceUtilTests.m in Sources */ = {isa = PBXBuildFile; fileRef = AC10C01C1839140A00324068 /* ChopeDeviceUtilTests.m */; };
		AC10C0A61839158200324068 /* CPNetwork.m in Sources */ = {isa = PBXBuildFile; fileRef = AC10C0971839158200324068 /* CPNetwork.m */; };
		AC10C0A91839158200324068 /* CPDeviceUtil.m in Sources */ = {isa = PBXBuildFile; fileRef = AC10C09E1839158200324068 /* CPDeviceUtil.m */; };
		AC10C0AA1839158200324068 /* CPStoryboardUtil.m in Sources */ = {isa = PBXBuildFile; fileRef = AC10C0A01839158200324068 /* CPStoryboardUtil.m */; };
		ACB688021872005D0058A00F /* CPTest.storyboard in Resources */ = {isa = PBXBuildFile; fileRef = ACB688011872005D0058A00F /* CPTest.storyboard */; };
		ACB701411878244000493580 /* NSObjectChopeValueTest.m in Sources */ = {isa = PBXBuildFile; fileRef = ACB701401878244000493580 /* NSObjectChopeValueTest.m */; };
		ACB701431878262300493580 /* NSDictionaryChopeValue.m in Sources */ = {isa = PBXBuildFile; fileRef = ACB701421878262300493580 /* NSDictionaryChopeValue.m */; };
		ACB7014618782F0700493580 /* CPDateUtil.m in Sources */ = {isa = PBXBuildFile; fileRef = ACB7014518782F0700493580 /* CPDateUtil.m */; };
		ACB701501878352E00493580 /* ChopeDateUtilTest.m in Sources */ = {isa = PBXBuildFile; fileRef = ACB7014F1878352E00493580 /* ChopeDateUtilTest.m */; };
		ACEC197218631A7B0014E681 /* README.md in Resources */ = {isa = PBXBuildFile; fileRef = ACEC197118631A7B0014E681 /* README.md */; };
		ACEC197418631AB80014E681 /* Podfile in Resources */ = {isa = PBXBuildFile; fileRef = ACEC197318631AB80014E681 /* Podfile */; };
		ACEC198918632ADE0014E681 /* ChopeLibrary.podspec in Resources */ = {isa = PBXBuildFile; fileRef = ACEC198818632ADE0014E681 /* ChopeLibrary.podspec */; };
		ACEC199E18633C9C0014E681 /* CPLinearView.m in Sources */ = {isa = PBXBuildFile; fileRef = ACEC199D18633C9C0014E681 /* CPLinearView.m */; };
/* End PBXBuildFile section */

/* Begin PBXContainerItemProxy section */
		AC10BFEF1839139A00324068 /* PBXContainerItemProxy */ = {
			isa = PBXContainerItemProxy;
			containerPortal = AC10BFC11839139900324068 /* Project object */;
			proxyType = 1;
			remoteGlobalIDString = AC10BFC81839139900324068;
			remoteInfo = ChopeLibrary;
		};
/* End PBXContainerItemProxy section */

/* Begin PBXFileReference section */
		1D6C2522194449C900340305 /* CPParseAccount.m */ = {isa = PBXFileReference; fileEncoding = 4; lastKnownFileType = sourcecode.c.objc; path = CPParseAccount.m; sourceTree = "<group>"; };
		1D6C2523194449C900340305 /* CPParseAccount.h */ = {isa = PBXFileReference; fileEncoding = 4; lastKnownFileType = sourcecode.c.h; path = CPParseAccount.h; sourceTree = "<group>"; };
		1DA166FA191A9AC200AF4466 /* CPLoadingView.h */ = {isa = PBXFileReference; fileEncoding = 4; lastKnownFileType = sourcecode.c.h; path = CPLoadingView.h; sourceTree = "<group>"; };
		1DA166FB191A9AC200AF4466 /* CPLoadingView.m */ = {isa = PBXFileReference; fileEncoding = 4; lastKnownFileType = sourcecode.c.objc; path = CPLoadingView.m; sourceTree = "<group>"; };
		1DDB64D5191771D60023388F /* CPFacebook.h */ = {isa = PBXFileReference; fileEncoding = 4; lastKnownFileType = sourcecode.c.h; path = CPFacebook.h; sourceTree = "<group>"; };
		1DDB64D6191771D60023388F /* CPFacebook.m */ = {isa = PBXFileReference; fileEncoding = 4; lastKnownFileType = sourcecode.c.objc; path = CPFacebook.m; sourceTree = "<group>"; };
		1DDB64D7191771D60023388F /* CPKakao.h */ = {isa = PBXFileReference; fileEncoding = 4; lastKnownFileType = sourcecode.c.h; path = CPKakao.h; sourceTree = "<group>"; };
		1DDB64D8191771D60023388F /* CPKakao.m */ = {isa = PBXFileReference; fileEncoding = 4; lastKnownFileType = sourcecode.c.objc; path = CPKakao.m; sourceTree = "<group>"; };
		1DDB64D9191771D60023388F /* CPThirdpartyAccount.h */ = {isa = PBXFileReference; fileEncoding = 4; lastKnownFileType = sourcecode.c.h; path = CPThirdpartyAccount.h; sourceTree = "<group>"; };
		1DDB64DA191771D60023388F /* CPThirdpartyAccount.m */ = {isa = PBXFileReference; fileEncoding = 4; lastKnownFileType = sourcecode.c.objc; path = CPThirdpartyAccount.m; sourceTree = "<group>"; };
		1DDB64DE191772530023388F /* KakaoOpenSDK.framework */ = {isa = PBXFileReference; lastKnownFileType = wrapper.framework; name = KakaoOpenSDK.framework; path = Framework/KakaoOpenSDK.framework; sourceTree = "<group>"; };
		1DFD68121940BD670005A09A /* CPTableViewCell.h */ = {isa = PBXFileReference; fileEncoding = 4; lastKnownFileType = sourcecode.c.h; path = CPTableViewCell.h; sourceTree = "<group>"; };
		1DFD68131940BD670005A09A /* CPTableViewCell.m */ = {isa = PBXFileReference; fileEncoding = 4; lastKnownFileType = sourcecode.c.objc; path = CPTableViewCell.m; sourceTree = "<group>"; };
		3E11B06BEF09E54519C21BAF /* CPTableViewController.m */ = {isa = PBXFileReference; fileEncoding = 4; lastKnownFileType = sourcecode.c.objc; path = CPTableViewController.m; sourceTree = "<group>"; };
		3E11B095543838B0EC4DFB3D /* UIApplication+ChopeApplication.h */ = {isa = PBXFileReference; fileEncoding = 4; lastKnownFileType = sourcecode.c.h; path = "UIApplication+ChopeApplication.h"; sourceTree = "<group>"; };
		3E11B15658B707AA65CE207D /* NSString+ChopeSize.m */ = {isa = PBXFileReference; fileEncoding = 4; lastKnownFileType = sourcecode.c.objc; path = "NSString+ChopeSize.m"; sourceTree = "<group>"; };
		3E11B1C6244749645811F62C /* CPTestLabelTableViewCell.m */ = {isa = PBXFileReference; fileEncoding = 4; lastKnownFileType = sourcecode.c.objc; path = CPTestLabelTableViewCell.m; sourceTree = "<group>"; };
		3E11B2761DA898A67BFFC0AF /* UILabel+ChopeResize.h */ = {isa = PBXFileReference; fileEncoding = 4; lastKnownFileType = sourcecode.c.h; path = "UILabel+ChopeResize.h"; sourceTree = "<group>"; };
		3E11B2B628196C23F4403209 /* UILabel+ChopeResize.m */ = {isa = PBXFileReference; fileEncoding = 4; lastKnownFileType = sourcecode.c.objc; path = "UILabel+ChopeResize.m"; sourceTree = "<group>"; };
		3E11B3A372831B88384FDE19 /* UIScrollView+ChopePage.h */ = {isa = PBXFileReference; fileEncoding = 4; lastKnownFileType = sourcecode.c.h; path = "UIScrollView+ChopePage.h"; sourceTree = "<group>"; };
		3E11B3B2D1A2E0A87B56196A /* CPCoreTestViewController.h */ = {isa = PBXFileReference; fileEncoding = 4; lastKnownFileType = sourcecode.c.h; path = CPCoreTestViewController.h; sourceTree = "<group>"; };
		3E11B3D71A0EBD1CD196C0E6 /* UIImage+ChopeImage.h */ = {isa = PBXFileReference; fileEncoding = 4; lastKnownFileType = sourcecode.c.h; path = "UIImage+ChopeImage.h"; sourceTree = "<group>"; };
		3E11B3D7B8C435C1A791DFF4 /* NSObject+ChopeValue.h */ = {isa = PBXFileReference; fileEncoding = 4; lastKnownFileType = sourcecode.c.h; path = "NSObject+ChopeValue.h"; sourceTree = "<group>"; };
		3E11B4002478681D56A680E5 /* NSDictionary+ChopeValue.h */ = {isa = PBXFileReference; fileEncoding = 4; lastKnownFileType = sourcecode.c.h; path = "NSDictionary+ChopeValue.h"; sourceTree = "<group>"; };
		3E11B55146B8C15DDE523CBB /* NSObject+ChopeValue.m */ = {isa = PBXFileReference; fileEncoding = 4; lastKnownFileType = sourcecode.c.objc; path = "NSObject+ChopeValue.m"; sourceTree = "<group>"; };
		3E11B59258146CCD8D6E1329 /* UIView+ChopeView.m */ = {isa = PBXFileReference; fileEncoding = 4; lastKnownFileType = sourcecode.c.objc; path = "UIView+ChopeView.m"; sourceTree = "<group>"; };
		3E11B59F97550219852B3193 /* UIView+ChopeAnimation.h */ = {isa = PBXFileReference; fileEncoding = 4; lastKnownFileType = sourcecode.c.h; path = "UIView+ChopeAnimation.h"; sourceTree = "<group>"; };
		3E11B8123F99EC16806ECC39 /* UIColor+ChopeColor.h */ = {isa = PBXFileReference; fileEncoding = 4; lastKnownFileType = sourcecode.c.h; path = "UIColor+ChopeColor.h"; sourceTree = "<group>"; };
		3E11B898BD0A923AF72ACBE8 /* CPTableViewController.h */ = {isa = PBXFileReference; fileEncoding = 4; lastKnownFileType = sourcecode.c.h; path = CPTableViewController.h; sourceTree = "<group>"; };
		3E11B8F4AE3FB1298E26C1C0 /* UIImage+ChopeImage.m */ = {isa = PBXFileReference; fileEncoding = 4; lastKnownFileType = sourcecode.c.objc; path = "UIImage+ChopeImage.m"; sourceTree = "<group>"; };
		3E11B925047E640363DFF944 /* NSDictionary+ChopeValue.m */ = {isa = PBXFileReference; fileEncoding = 4; lastKnownFileType = sourcecode.c.objc; path = "NSDictionary+ChopeValue.m"; sourceTree = "<group>"; };
		3E11B9B9905D7CD102F94AD9 /* CPCoreTestViewController.m */ = {isa = PBXFileReference; fileEncoding = 4; lastKnownFileType = sourcecode.c.objc; path = CPCoreTestViewController.m; sourceTree = "<group>"; };
		3E11BA3A7CCB25371BB2ED89 /* UIViewController+Chope.h */ = {isa = PBXFileReference; fileEncoding = 4; lastKnownFileType = sourcecode.c.h; path = "UIViewController+Chope.h"; sourceTree = "<group>"; };
		3E11BAD9CF3BB645C6E7FA6A /* CPTestTableViewController.h */ = {isa = PBXFileReference; fileEncoding = 4; lastKnownFileType = sourcecode.c.h; path = CPTestTableViewController.h; sourceTree = "<group>"; };
		3E11BADAAAAA704187D41A9C /* UIViewController+Chope.m */ = {isa = PBXFileReference; fileEncoding = 4; lastKnownFileType = sourcecode.c.objc; path = "UIViewController+Chope.m"; sourceTree = "<group>"; };
		3E11BB01BDE474173A9C6D90 /* CPAppearance.m */ = {isa = PBXFileReference; fileEncoding = 4; lastKnownFileType = sourcecode.c.objc; path = CPAppearance.m; sourceTree = "<group>"; };
		3E11BB86A0C19B72428F43A7 /* UIView+ChopeAnimation.m */ = {isa = PBXFileReference; fileEncoding = 4; lastKnownFileType = sourcecode.c.objc; path = "UIView+ChopeAnimation.m"; sourceTree = "<group>"; };
		3E11BBA22F5218DA028BB8EE /* UIColor+ChopeColor.m */ = {isa = PBXFileReference; fileEncoding = 4; lastKnownFileType = sourcecode.c.objc; path = "UIColor+ChopeColor.m"; sourceTree = "<group>"; };
		3E11BBA396BCA4712282DA8D /* UIView+ChopeView.h */ = {isa = PBXFileReference; fileEncoding = 4; lastKnownFileType = sourcecode.c.h; path = "UIView+ChopeView.h"; sourceTree = "<group>"; };
		3E11BBD93A10852F5D06FF22 /* NSString+ChopeSize.h */ = {isa = PBXFileReference; fileEncoding = 4; lastKnownFileType = sourcecode.c.h; path = "NSString+ChopeSize.h"; sourceTree = "<group>"; };
		3E11BD20E54640D20B8F4A45 /* CPAppearance.h */ = {isa = PBXFileReference; fileEncoding = 4; lastKnownFileType = sourcecode.c.h; path = CPAppearance.h; sourceTree = "<group>"; };
		3E11BD393100F18E35379D42 /* NSString+Chope.m */ = {isa = PBXFileReference; fileEncoding = 4; lastKnownFileType = sourcecode.c.objc; path = "NSString+Chope.m"; sourceTree = "<group>"; };
		3E11BD69C1DFA26D6F5E577D /* UIApplication+ChopeApplication.m */ = {isa = PBXFileReference; fileEncoding = 4; lastKnownFileType = sourcecode.c.objc; path = "UIApplication+ChopeApplication.m"; sourceTree = "<group>"; };
		3E11BDFE0D63D14FA96643D0 /* NSString+Chope.h */ = {isa = PBXFileReference; fileEncoding = 4; lastKnownFileType = sourcecode.c.h; path = "NSString+Chope.h"; sourceTree = "<group>"; };
		3E11BE04CE21343842A33ED2 /* CPTestLabelTableViewCell.h */ = {isa = PBXFileReference; fileEncoding = 4; lastKnownFileType = sourcecode.c.h; path = CPTestLabelTableViewCell.h; sourceTree = "<group>"; };
		3E11BEDE436B31200917A006 /* CPViewController.m */ = {isa = PBXFileReference; fileEncoding = 4; lastKnownFileType = sourcecode.c.objc; path = CPViewController.m; sourceTree = "<group>"; };
		3E11BF27D08A87C86A0E4FE5 /* CPViewController.h */ = {isa = PBXFileReference; fileEncoding = 4; lastKnownFileType = sourcecode.c.h; path = CPViewController.h; sourceTree = "<group>"; };
		3E11BF3FD7F27A40E0119BA2 /* UIScrollView+ChopePage.m */ = {isa = PBXFileReference; fileEncoding = 4; lastKnownFileType = sourcecode.c.objc; path = "UIScrollView+ChopePage.m"; sourceTree = "<group>"; };
		3E11BFC12D9DFA0792FA1574 /* CPTestTableViewController.m */ = {isa = PBXFileReference; fileEncoding = 4; lastKnownFileType = sourcecode.c.objc; path = CPTestTableViewController.m; sourceTree = "<group>"; };
		4B7866A3B3B444648A647880 /* Pods.xcconfig */ = {isa = PBXFileReference; includeInIndex = 1; lastKnownFileType = text.xcconfig; name = Pods.xcconfig; path = Pods/Pods.xcconfig; sourceTree = "<group>"; };
		AC10BFC91839139900324068 /* ChopeLibrary.app */ = {isa = PBXFileReference; explicitFileType = wrapper.application; includeInIndex = 0; path = ChopeLibrary.app; sourceTree = BUILT_PRODUCTS_DIR; };
		AC10BFCC1839139900324068 /* Foundation.framework */ = {isa = PBXFileReference; lastKnownFileType = wrapper.framework; name = Foundation.framework; path = System/Library/Frameworks/Foundation.framework; sourceTree = SDKROOT; };
		AC10BFCE1839139900324068 /* CoreGraphics.framework */ = {isa = PBXFileReference; lastKnownFileType = wrapper.framework; name = CoreGraphics.framework; path = System/Library/Frameworks/CoreGraphics.framework; sourceTree = SDKROOT; };
		AC10BFD01839139900324068 /* UIKit.framework */ = {isa = PBXFileReference; lastKnownFileType = wrapper.framework; name = UIKit.framework; path = System/Library/Frameworks/UIKit.framework; sourceTree = SDKROOT; };
		AC10BFD21839139900324068 /* CoreData.framework */ = {isa = PBXFileReference; lastKnownFileType = wrapper.framework; name = CoreData.framework; path = System/Library/Frameworks/CoreData.framework; sourceTree = SDKROOT; };
		AC10BFD61839139A00324068 /* ChopeLibrary-Info.plist */ = {isa = PBXFileReference; lastKnownFileType = text.plist.xml; path = "ChopeLibrary-Info.plist"; sourceTree = "<group>"; };
		AC10BFD81839139A00324068 /* en */ = {isa = PBXFileReference; lastKnownFileType = text.plist.strings; name = en; path = en.lproj/InfoPlist.strings; sourceTree = "<group>"; };
		AC10BFDA1839139A00324068 /* main.m */ = {isa = PBXFileReference; lastKnownFileType = sourcecode.c.objc; path = main.m; sourceTree = "<group>"; };
		AC10BFDC1839139A00324068 /* ChopeLibrary-Prefix.pch */ = {isa = PBXFileReference; lastKnownFileType = sourcecode.c.h; path = "ChopeLibrary-Prefix.pch"; sourceTree = "<group>"; };
		AC10BFDD1839139A00324068 /* CPAppDelegate.h */ = {isa = PBXFileReference; lastKnownFileType = sourcecode.c.h; path = CPAppDelegate.h; sourceTree = "<group>"; };
		AC10BFDE1839139A00324068 /* CPAppDelegate.m */ = {isa = PBXFileReference; lastKnownFileType = sourcecode.c.objc; path = CPAppDelegate.m; sourceTree = "<group>"; };
		AC10BFE31839139A00324068 /* Images.xcassets */ = {isa = PBXFileReference; lastKnownFileType = folder.assetcatalog; path = Images.xcassets; sourceTree = "<group>"; };
		AC10BFE91839139A00324068 /* ChopeLibraryTests.xctest */ = {isa = PBXFileReference; explicitFileType = wrapper.cfbundle; includeInIndex = 0; path = ChopeLibraryTests.xctest; sourceTree = BUILT_PRODUCTS_DIR; };
		AC10BFEA1839139A00324068 /* XCTest.framework */ = {isa = PBXFileReference; lastKnownFileType = wrapper.framework; name = XCTest.framework; path = Library/Frameworks/XCTest.framework; sourceTree = DEVELOPER_DIR; };
		AC10BFF31839139A00324068 /* ChopeLibraryTests-Info.plist */ = {isa = PBXFileReference; lastKnownFileType = text.plist.xml; path = "ChopeLibraryTests-Info.plist"; sourceTree = "<group>"; };
		AC10BFF51839139A00324068 /* en */ = {isa = PBXFileReference; lastKnownFileType = text.plist.strings; name = en; path = en.lproj/InfoPlist.strings; sourceTree = "<group>"; };
		AC10BFF71839139A00324068 /* ChopeLibraryTests.m */ = {isa = PBXFileReference; lastKnownFileType = sourcecode.c.objc; path = ChopeLibraryTests.m; sourceTree = "<group>"; };
		AC10C01C1839140A00324068 /* ChopeDeviceUtilTests.m */ = {isa = PBXFileReference; fileEncoding = 4; lastKnownFileType = sourcecode.c.objc; path = ChopeDeviceUtilTests.m; sourceTree = "<group>"; };
		AC10C0551839147200324068 /* SystemConfiguration.framework */ = {isa = PBXFileReference; lastKnownFileType = wrapper.framework; name = SystemConfiguration.framework; path = System/Library/Frameworks/SystemConfiguration.framework; sourceTree = SDKROOT; };
		AC10C0571839147700324068 /* MobileCoreServices.framework */ = {isa = PBXFileReference; lastKnownFileType = wrapper.framework; name = MobileCoreServices.framework; path = System/Library/Frameworks/MobileCoreServices.framework; sourceTree = SDKROOT; };
		AC10C0961839158200324068 /* CPNetwork.h */ = {isa = PBXFileReference; fileEncoding = 4; lastKnownFileType = sourcecode.c.h; path = CPNetwork.h; sourceTree = "<group>"; };
		AC10C0971839158200324068 /* CPNetwork.m */ = {isa = PBXFileReference; fileEncoding = 4; lastKnownFileType = sourcecode.c.objc; path = CPNetwork.m; sourceTree = "<group>"; };
		AC10C09D1839158200324068 /* CPDeviceUtil.h */ = {isa = PBXFileReference; fileEncoding = 4; lastKnownFileType = sourcecode.c.h; path = CPDeviceUtil.h; sourceTree = "<group>"; };
		AC10C09E1839158200324068 /* CPDeviceUtil.m */ = {isa = PBXFileReference; fileEncoding = 4; lastKnownFileType = sourcecode.c.objc; path = CPDeviceUtil.m; sourceTree = "<group>"; };
		AC10C09F1839158200324068 /* CPStoryboardUtil.h */ = {isa = PBXFileReference; fileEncoding = 4; lastKnownFileType = sourcecode.c.h; path = CPStoryboardUtil.h; sourceTree = "<group>"; };
		AC10C0A01839158200324068 /* CPStoryboardUtil.m */ = {isa = PBXFileReference; fileEncoding = 4; lastKnownFileType = sourcecode.c.objc; path = CPStoryboardUtil.m; sourceTree = "<group>"; };
		AC96749A1865C3590018F900 /* WebP.framework */ = {isa = PBXFileReference; lastKnownFileType = wrapper.framework; name = WebP.framework; path = Framework/WebP.framework; sourceTree = "<group>"; };
		ACB688011872005D0058A00F /* CPTest.storyboard */ = {isa = PBXFileReference; fileEncoding = 4; lastKnownFileType = file.storyboard; path = CPTest.storyboard; sourceTree = "<group>"; };
		ACB701401878244000493580 /* NSObjectChopeValueTest.m */ = {isa = PBXFileReference; fileEncoding = 4; lastKnownFileType = sourcecode.c.objc; path = NSObjectChopeValueTest.m; sourceTree = "<group>"; };
		ACB701421878262300493580 /* NSDictionaryChopeValue.m */ = {isa = PBXFileReference; fileEncoding = 4; lastKnownFileType = sourcecode.c.objc; path = NSDictionaryChopeValue.m; sourceTree = "<group>"; };
		ACB7014418782F0700493580 /* CPDateUtil.h */ = {isa = PBXFileReference; fileEncoding = 4; lastKnownFileType = sourcecode.c.h; path = CPDateUtil.h; sourceTree = "<group>"; };
		ACB7014518782F0700493580 /* CPDateUtil.m */ = {isa = PBXFileReference; fileEncoding = 4; lastKnownFileType = sourcecode.c.objc; path = CPDateUtil.m; sourceTree = "<group>"; };
		ACB7014F1878352E00493580 /* ChopeDateUtilTest.m */ = {isa = PBXFileReference; fileEncoding = 4; lastKnownFileType = sourcecode.c.objc; path = ChopeDateUtilTest.m; sourceTree = "<group>"; };
		ACEC197118631A7B0014E681 /* README.md */ = {isa = PBXFileReference; fileEncoding = 4; lastKnownFileType = text; path = README.md; sourceTree = "<group>"; };
		ACEC197318631AB80014E681 /* Podfile */ = {isa = PBXFileReference; fileEncoding = 4; lastKnownFileType = text; path = Podfile; sourceTree = "<group>"; xcLanguageSpecificationIdentifier = xcode.lang.ruby; };
		ACEC198818632ADE0014E681 /* ChopeLibrary.podspec */ = {isa = PBXFileReference; fileEncoding = 4; lastKnownFileType = text; path = ChopeLibrary.podspec; sourceTree = "<group>"; };
		ACEC199C18633C9C0014E681 /* CPLinearView.h */ = {isa = PBXFileReference; fileEncoding = 4; lastKnownFileType = sourcecode.c.h; path = CPLinearView.h; sourceTree = "<group>"; };
		ACEC199D18633C9C0014E681 /* CPLinearView.m */ = {isa = PBXFileReference; fileEncoding = 4; lastKnownFileType = sourcecode.c.objc; path = CPLinearView.m; sourceTree = "<group>"; };
		E0040420BDF14F82A25AD913 /* libPods.a */ = {isa = PBXFileReference; explicitFileType = archive.ar; includeInIndex = 0; path = libPods.a; sourceTree = BUILT_PRODUCTS_DIR; };
/* End PBXFileReference section */

/* Begin PBXFrameworksBuildPhase section */
		AC10BFC61839139900324068 /* Frameworks */ = {
			isa = PBXFrameworksBuildPhase;
			buildActionMask = 2147483647;
			files = (
				1DDB64DF191772530023388F /* KakaoOpenSDK.framework in Frameworks */,
				AC10BFCF1839139900324068 /* CoreGraphics.framework in Frameworks */,
				AC10BFD31839139900324068 /* CoreData.framework in Frameworks */,
				AC10BFD11839139900324068 /* UIKit.framework in Frameworks */,
				AC10BFCD1839139900324068 /* Foundation.framework in Frameworks */,
				4D57EF390F63447C85EFF1B7 /* libPods.a in Frameworks */,
			);
			runOnlyForDeploymentPostprocessing = 0;
		};
		AC10BFE61839139A00324068 /* Frameworks */ = {
			isa = PBXFrameworksBuildPhase;
			buildActionMask = 2147483647;
			files = (
				AC10BFEB1839139A00324068 /* XCTest.framework in Frameworks */,
				AC10BFEE1839139A00324068 /* CoreData.framework in Frameworks */,
				AC10BFED1839139A00324068 /* UIKit.framework in Frameworks */,
				AC10BFEC1839139A00324068 /* Foundation.framework in Frameworks */,
			);
			runOnlyForDeploymentPostprocessing = 0;
		};
/* End PBXFrameworksBuildPhase section */

/* Begin PBXGroup section */
		1DDB64D4191771D60023388F /* Thirdparty */ = {
			isa = PBXGroup;
			children = (
				1DDB64D5191771D60023388F /* CPFacebook.h */,
				1DDB64D6191771D60023388F /* CPFacebook.m */,
				1DDB64D7191771D60023388F /* CPKakao.h */,
				1DDB64D8191771D60023388F /* CPKakao.m */,
				1DDB64D9191771D60023388F /* CPThirdpartyAccount.h */,
				1DDB64DA191771D60023388F /* CPThirdpartyAccount.m */,
				1D6C2522194449C900340305 /* CPParseAccount.m */,
				1D6C2523194449C900340305 /* CPParseAccount.h */,
			);
			path = Thirdparty;
			sourceTree = "<group>";
		};
		3E11B27101A1D899C4339CE4 /* ViewController */ = {
			isa = PBXGroup;
			children = (
				3E11B898BD0A923AF72ACBE8 /* CPTableViewController.h */,
				3E11BEDE436B31200917A006 /* CPViewController.m */,
				3E11B06BEF09E54519C21BAF /* CPTableViewController.m */,
				3E11BF27D08A87C86A0E4FE5 /* CPViewController.h */,
			);
			path = ViewController;
			sourceTree = "<group>";
		};
		3E11B477DE1882AC96B9D8E9 /* Core */ = {
			isa = PBXGroup;
			children = (
				3E11B3D7B8C435C1A791DFF4 /* NSObject+ChopeValue.h */,
				3E11B925047E640363DFF944 /* NSDictionary+ChopeValue.m */,
				3E11B4002478681D56A680E5 /* NSDictionary+ChopeValue.h */,
				3E11BDFE0D63D14FA96643D0 /* NSString+Chope.h */,
				3E11BD393100F18E35379D42 /* NSString+Chope.m */,
				3E11B55146B8C15DDE523CBB /* NSObject+ChopeValue.m */,
				3E11BD69C1DFA26D6F5E577D /* UIApplication+ChopeApplication.m */,
				3E11B15658B707AA65CE207D /* NSString+ChopeSize.m */,
				3E11B095543838B0EC4DFB3D /* UIApplication+ChopeApplication.h */,
				3E11BBD93A10852F5D06FF22 /* NSString+ChopeSize.h */,
				3E11B2761DA898A67BFFC0AF /* UILabel+ChopeResize.h */,
				3E11B59258146CCD8D6E1329 /* UIView+ChopeView.m */,
				3E11BF3FD7F27A40E0119BA2 /* UIScrollView+ChopePage.m */,
				3E11B2B628196C23F4403209 /* UILabel+ChopeResize.m */,
				3E11B8123F99EC16806ECC39 /* UIColor+ChopeColor.h */,
				3E11B3D71A0EBD1CD196C0E6 /* UIImage+ChopeImage.h */,
				3E11B8F4AE3FB1298E26C1C0 /* UIImage+ChopeImage.m */,
				3E11BADAAAAA704187D41A9C /* UIViewController+Chope.m */,
				3E11BA3A7CCB25371BB2ED89 /* UIViewController+Chope.h */,
				3E11B3A372831B88384FDE19 /* UIScrollView+ChopePage.h */,
				3E11BBA396BCA4712282DA8D /* UIView+ChopeView.h */,
				3E11B59F97550219852B3193 /* UIView+ChopeAnimation.h */,
				3E11BBA22F5218DA028BB8EE /* UIColor+ChopeColor.m */,
				3E11BB86A0C19B72428F43A7 /* UIView+ChopeAnimation.m */,
			);
			path = Core;
			sourceTree = "<group>";
		};
		3E11BAB1A65ED527FCB8C719 /* Appearance */ = {
			isa = PBXGroup;
			children = (
				3E11BB01BDE474173A9C6D90 /* CPAppearance.m */,
				3E11BD20E54640D20B8F4A45 /* CPAppearance.h */,
			);
			path = Appearance;
			sourceTree = "<group>";
		};
		AC10BFC01839139900324068 = {
			isa = PBXGroup;
			children = (
				AC10C08F1839158200324068 /* Classes */,
				AC10BFD41839139A00324068 /* ChopeLibrary */,
				AC10BFF11839139A00324068 /* ChopeLibraryTests */,
				AC10BFCB1839139900324068 /* Frameworks */,
				AC10BFCA1839139900324068 /* Products */,
				ACEC197118631A7B0014E681 /* README.md */,
				ACEC197318631AB80014E681 /* Podfile */,
				ACEC198818632ADE0014E681 /* ChopeLibrary.podspec */,
				4B7866A3B3B444648A647880 /* Pods.xcconfig */,
			);
			sourceTree = "<group>";
		};
		AC10BFCA1839139900324068 /* Products */ = {
			isa = PBXGroup;
			children = (
				AC10BFC91839139900324068 /* ChopeLibrary.app */,
				AC10BFE91839139A00324068 /* ChopeLibraryTests.xctest */,
			);
			name = Products;
			sourceTree = "<group>";
		};
		AC10BFCB1839139900324068 /* Frameworks */ = {
			isa = PBXGroup;
			children = (
				1DDB64DE191772530023388F /* KakaoOpenSDK.framework */,
				AC96749A1865C3590018F900 /* WebP.framework */,
				AC10C0571839147700324068 /* MobileCoreServices.framework */,
				AC10C0551839147200324068 /* SystemConfiguration.framework */,
				AC10BFCC1839139900324068 /* Foundation.framework */,
				AC10BFCE1839139900324068 /* CoreGraphics.framework */,
				AC10BFD01839139900324068 /* UIKit.framework */,
				AC10BFD21839139900324068 /* CoreData.framework */,
				AC10BFEA1839139A00324068 /* XCTest.framework */,
				E0040420BDF14F82A25AD913 /* libPods.a */,
			);
			name = Frameworks;
			sourceTree = "<group>";
		};
		AC10BFD41839139A00324068 /* ChopeLibrary */ = {
			isa = PBXGroup;
			children = (
				AC10BFDD1839139A00324068 /* CPAppDelegate.h */,
				AC10BFDE1839139A00324068 /* CPAppDelegate.m */,
				AC10BFE31839139A00324068 /* Images.xcassets */,
				ACB688011872005D0058A00F /* CPTest.storyboard */,
				AC10BFD51839139A00324068 /* Supporting Files */,
				3E11BFC12D9DFA0792FA1574 /* CPTestTableViewController.m */,
				3E11BAD9CF3BB645C6E7FA6A /* CPTestTableViewController.h */,
				3E11B1C6244749645811F62C /* CPTestLabelTableViewCell.m */,
				3E11BE04CE21343842A33ED2 /* CPTestLabelTableViewCell.h */,
				3E11B9B9905D7CD102F94AD9 /* CPCoreTestViewController.m */,
				3E11B3B2D1A2E0A87B56196A /* CPCoreTestViewController.h */,
			);
			path = ChopeLibrary;
			sourceTree = "<group>";
		};
		AC10BFD51839139A00324068 /* Supporting Files */ = {
			isa = PBXGroup;
			children = (
				AC10BFD61839139A00324068 /* ChopeLibrary-Info.plist */,
				AC10BFD71839139A00324068 /* InfoPlist.strings */,
				AC10BFDA1839139A00324068 /* main.m */,
				AC10BFDC1839139A00324068 /* ChopeLibrary-Prefix.pch */,
			);
			name = "Supporting Files";
			sourceTree = "<group>";
		};
		AC10BFF11839139A00324068 /* ChopeLibraryTests */ = {
			isa = PBXGroup;
			children = (
				ACB7014E1878352000493580 /* Utils */,
				ACB7013F1878240600493580 /* Category */,
				AC10BFF21839139A00324068 /* Supporting Files */,
				AC10BFF71839139A00324068 /* ChopeLibraryTests.m */,
				AC10C01C1839140A00324068 /* ChopeDeviceUtilTests.m */,
			);
			path = ChopeLibraryTests;
			sourceTree = "<group>";
		};
		AC10BFF21839139A00324068 /* Supporting Files */ = {
			isa = PBXGroup;
			children = (
				AC10BFF31839139A00324068 /* ChopeLibraryTests-Info.plist */,
				AC10BFF41839139A00324068 /* InfoPlist.strings */,
			);
			name = "Supporting Files";
			sourceTree = "<group>";
		};
		AC10C08F1839158200324068 /* Classes */ = {
			isa = PBXGroup;
			children = (
				1DDB64D4191771D60023388F /* Thirdparty */,
				ACB687FD1871F6150058A00F /* Service */,
				AC10C0901839158200324068 /* Controller */,
				AC10C0951839158200324068 /* Network */,
				AC10C0981839158200324068 /* Utils */,
				ACEC1995186333B00014E681 /* View */,
				3E11B477DE1882AC96B9D8E9 /* Core */,
				3E11BAB1A65ED527FCB8C719 /* Appearance */,
				3E11B27101A1D899C4339CE4 /* ViewController */,
			);
			path = Classes;
			sourceTree = "<group>";
		};
		AC10C0901839158200324068 /* Controller */ = {
			isa = PBXGroup;
			children = (
			);
			path = Controller;
			sourceTree = "<group>";
		};
		AC10C0951839158200324068 /* Network */ = {
			isa = PBXGroup;
			children = (
				AC10C0961839158200324068 /* CPNetwork.h */,
				AC10C0971839158200324068 /* CPNetwork.m */,
			);
			path = Network;
			sourceTree = "<group>";
		};
		AC10C0981839158200324068 /* Utils */ = {
			isa = PBXGroup;
			children = (
				AC10C09D1839158200324068 /* CPDeviceUtil.h */,
				AC10C09E1839158200324068 /* CPDeviceUtil.m */,
				AC10C09F1839158200324068 /* CPStoryboardUtil.h */,
				AC10C0A01839158200324068 /* CPStoryboardUtil.m */,
				ACB7014418782F0700493580 /* CPDateUtil.h */,
				ACB7014518782F0700493580 /* CPDateUtil.m */,
			);
			path = Utils;
			sourceTree = "<group>";
		};
		ACB687FD1871F6150058A00F /* Service */ = {
			isa = PBXGroup;
			children = (
			);
			path = Service;
			sourceTree = "<group>";
		};
		ACB7013F1878240600493580 /* Category */ = {
			isa = PBXGroup;
			children = (
				ACB701401878244000493580 /* NSObjectChopeValueTest.m */,
				ACB701421878262300493580 /* NSDictionaryChopeValue.m */,
			);
			path = Category;
			sourceTree = "<group>";
		};
		ACB7014E1878352000493580 /* Utils */ = {
			isa = PBXGroup;
			children = (
				ACB7014F1878352E00493580 /* ChopeDateUtilTest.m */,
			);
			path = Utils;
			sourceTree = "<group>";
		};
		ACEC1995186333B00014E681 /* View */ = {
			isa = PBXGroup;
			children = (
				ACEC199C18633C9C0014E681 /* CPLinearView.h */,
				ACEC199D18633C9C0014E681 /* CPLinearView.m */,
				1DA166FA191A9AC200AF4466 /* CPLoadingView.h */,
				1DA166FB191A9AC200AF4466 /* CPLoadingView.m */,
				1DFD68121940BD670005A09A /* CPTableViewCell.h */,
				1DFD68131940BD670005A09A /* CPTableViewCell.m */,
			);
			path = View;
			sourceTree = "<group>";
		};
/* End PBXGroup section */

/* Begin PBXNativeTarget section */
		AC10BFC81839139900324068 /* ChopeLibrary */ = {
			isa = PBXNativeTarget;
			buildConfigurationList = AC10BFFB1839139A00324068 /* Build configuration list for PBXNativeTarget "ChopeLibrary" */;
			buildPhases = (
				D75E65AAEF5F479FB1305D73 /* Check Pods Manifest.lock */,
				AC10BFC51839139900324068 /* Sources */,
				AC10BFC61839139900324068 /* Frameworks */,
				AC10BFC71839139900324068 /* Resources */,
				B201C84650FD46B48DD17569 /* Copy Pods Resources */,
			);
			buildRules = (
			);
			dependencies = (
			);
			name = ChopeLibrary;
			productName = ChopeLibrary;
			productReference = AC10BFC91839139900324068 /* ChopeLibrary.app */;
			productType = "com.apple.product-type.application";
		};
		AC10BFE81839139A00324068 /* ChopeLibraryTests */ = {
			isa = PBXNativeTarget;
			buildConfigurationList = AC10BFFE1839139A00324068 /* Build configuration list for PBXNativeTarget "ChopeLibraryTests" */;
			buildPhases = (
				AC10BFE51839139A00324068 /* Sources */,
				AC10BFE61839139A00324068 /* Frameworks */,
				AC10BFE71839139A00324068 /* Resources */,
			);
			buildRules = (
			);
			dependencies = (
				AC10BFF01839139A00324068 /* PBXTargetDependency */,
			);
			name = ChopeLibraryTests;
			productName = ChopeLibraryTests;
			productReference = AC10BFE91839139A00324068 /* ChopeLibraryTests.xctest */;
			productType = "com.apple.product-type.bundle.unit-test";
		};
/* End PBXNativeTarget section */

/* Begin PBXProject section */
		AC10BFC11839139900324068 /* Project object */ = {
			isa = PBXProject;
			attributes = {
				CLASSPREFIX = CP;
				LastUpgradeCheck = 0510;
				ORGANIZATIONNAME = Chope;
				TargetAttributes = {
					AC10BFC81839139900324068 = {
						DevelopmentTeam = JKB83V3G9Q;
					};
					AC10BFE81839139A00324068 = {
						TestTargetID = AC10BFC81839139900324068;
					};
				};
			};
			buildConfigurationList = AC10BFC41839139900324068 /* Build configuration list for PBXProject "ChopeLibrary" */;
			compatibilityVersion = "Xcode 3.2";
			developmentRegion = English;
			hasScannedForEncodings = 0;
			knownRegions = (
				en,
			);
			mainGroup = AC10BFC01839139900324068;
			productRefGroup = AC10BFCA1839139900324068 /* Products */;
			projectDirPath = "";
			projectRoot = "";
			targets = (
				AC10BFC81839139900324068 /* ChopeLibrary */,
				AC10BFE81839139A00324068 /* ChopeLibraryTests */,
			);
		};
/* End PBXProject section */

/* Begin PBXResourcesBuildPhase section */
		AC10BFC71839139900324068 /* Resources */ = {
			isa = PBXResourcesBuildPhase;
			buildActionMask = 2147483647;
			files = (
				ACEC198918632ADE0014E681 /* ChopeLibrary.podspec in Resources */,
				ACEC197218631A7B0014E681 /* README.md in Resources */,
				ACB688021872005D0058A00F /* CPTest.storyboard in Resources */,
				AC10BFD91839139A00324068 /* InfoPlist.strings in Resources */,
				ACEC197418631AB80014E681 /* Podfile in Resources */,
				AC10BFE41839139A00324068 /* Images.xcassets in Resources */,
			);
			runOnlyForDeploymentPostprocessing = 0;
		};
		AC10BFE71839139A00324068 /* Resources */ = {
			isa = PBXResourcesBuildPhase;
			buildActionMask = 2147483647;
			files = (
				AC10BFF61839139A00324068 /* InfoPlist.strings in Resources */,
			);
			runOnlyForDeploymentPostprocessing = 0;
		};
/* End PBXResourcesBuildPhase section */

/* Begin PBXShellScriptBuildPhase section */
		B201C84650FD46B48DD17569 /* Copy Pods Resources */ = {
			isa = PBXShellScriptBuildPhase;
			buildActionMask = 2147483647;
			files = (
			);
			inputPaths = (
			);
			name = "Copy Pods Resources";
			outputPaths = (
			);
			runOnlyForDeploymentPostprocessing = 0;
			shellPath = /bin/sh;
			shellScript = "\"${SRCROOT}/Pods/Pods-resources.sh\"\n";
			showEnvVarsInLog = 0;
		};
		D75E65AAEF5F479FB1305D73 /* Check Pods Manifest.lock */ = {
			isa = PBXShellScriptBuildPhase;
			buildActionMask = 2147483647;
			files = (
			);
			inputPaths = (
			);
			name = "Check Pods Manifest.lock";
			outputPaths = (
			);
			runOnlyForDeploymentPostprocessing = 0;
			shellPath = /bin/sh;
			shellScript = "diff \"${PODS_ROOT}/../Podfile.lock\" \"${PODS_ROOT}/Manifest.lock\" > /dev/null\nif [[ $? != 0 ]] ; then\n    cat << EOM\nerror: The sandbox is not in sync with the Podfile.lock. Run 'pod install' or update your CocoaPods installation.\nEOM\n    exit 1\nfi\n";
			showEnvVarsInLog = 0;
		};
/* End PBXShellScriptBuildPhase section */

/* Begin PBXSourcesBuildPhase section */
		AC10BFC51839139900324068 /* Sources */ = {
			isa = PBXSourcesBuildPhase;
			buildActionMask = 2147483647;
			files = (
				1DFD68141940BD670005A09A /* CPTableViewCell.m in Sources */,
				ACEC199E18633C9C0014E681 /* CPLinearView.m in Sources */,
				1DDB64DB191771D60023388F /* CPFacebook.m in Sources */,
				1DDB64DC191771D60023388F /* CPKakao.m in Sources */,
				AC10BFDF1839139A00324068 /* CPAppDelegate.m in Sources */,
				ACB7014618782F0700493580 /* CPDateUtil.m in Sources */,
				AC10C0A61839158200324068 /* CPNetwork.m in Sources */,
				1D6C2524194449C900340305 /* CPParseAccount.m in Sources */,
				1DDB64DD191771D60023388F /* CPThirdpartyAccount.m in Sources */,
				1DA166FC191A9AC200AF4466 /* CPLoadingView.m in Sources */,
				AC10C0A91839158200324068 /* CPDeviceUtil.m in Sources */,
				AC10BFDB1839139A00324068 /* main.m in Sources */,
				AC10C0AA1839158200324068 /* CPStoryboardUtil.m in Sources */,
				3E11BD447061671EE0096D95 /* CPTestTableViewController.m in Sources */,
				3E11B5EC4E9C39C6EA83ED31 /* CPTestLabelTableViewCell.m in Sources */,
				3E11BDFDA3414B8E98BACFAE /* NSDictionary+ChopeValue.m in Sources */,
				3E11BF4C0FEC48DB664153DB /* NSString+Chope.m in Sources */,
				3E11B72B130BA845706DD2FE /* NSObject+ChopeValue.m in Sources */,
				3E11B392CC9C57E499A021E5 /* UIApplication+ChopeApplication.m in Sources */,
				3E11B896BBE9B6A7502D679E /* NSString+ChopeSize.m in Sources */,
				3E11B9D56A84DC9103D2EB79 /* UIView+ChopeView.m in Sources */,
				3E11BAF8CBE23D0AFA8DFB2E /* UIScrollView+ChopePage.m in Sources */,
				3E11B5948B4218462741F457 /* UILabel+ChopeResize.m in Sources */,
				3E11B6AA6DBC9C63ACDFA7FC /* UIImage+ChopeImage.m in Sources */,
				3E11B4C41CE8A7920E79A6B9 /* UIViewController+Chope.m in Sources */,
				3E11BCDF175E7BF0B742798D /* UIColor+ChopeColor.m in Sources */,
				3E11BC44C9BF0008B8CA8866 /* UIView+ChopeAnimation.m in Sources */,
				3E11B848D055E6D5CFE97547 /* CPAppearance.m in Sources */,
				3E11BBB7669C3A2E793687F3 /* CPCoreTestViewController.m in Sources */,
				3E11BE56EC64B040983C830B /* CPViewController.m in Sources */,
				3E11B1C87252AB8FD6054BEE /* CPTableViewController.m in Sources */,
			);
			runOnlyForDeploymentPostprocessing = 0;
		};
		AC10BFE51839139A00324068 /* Sources */ = {
			isa = PBXSourcesBuildPhase;
			buildActionMask = 2147483647;
			files = (
				AC10C01E1839140A00324068 /* ChopeDeviceUtilTests.m in Sources */,
				AC10BFF81839139A00324068 /* ChopeLibraryTests.m in Sources */,
				ACB701431878262300493580 /* NSDictionaryChopeValue.m in Sources */,
				ACB701411878244000493580 /* NSObjectChopeValueTest.m in Sources */,
				ACB701501878352E00493580 /* ChopeDateUtilTest.m in Sources */,
			);
			runOnlyForDeploymentPostprocessing = 0;
		};
/* End PBXSourcesBuildPhase section */

/* Begin PBXTargetDependency section */
		AC10BFF01839139A00324068 /* PBXTargetDependency */ = {
			isa = PBXTargetDependency;
			target = AC10BFC81839139900324068 /* ChopeLibrary */;
			targetProxy = AC10BFEF1839139A00324068 /* PBXContainerItemProxy */;
		};
/* End PBXTargetDependency section */

/* Begin PBXVariantGroup section */
		AC10BFD71839139A00324068 /* InfoPlist.strings */ = {
			isa = PBXVariantGroup;
			children = (
				AC10BFD81839139A00324068 /* en */,
			);
			name = InfoPlist.strings;
			sourceTree = "<group>";
		};
		AC10BFF41839139A00324068 /* InfoPlist.strings */ = {
			isa = PBXVariantGroup;
			children = (
				AC10BFF51839139A00324068 /* en */,
			);
			name = InfoPlist.strings;
			sourceTree = "<group>";
		};
/* End PBXVariantGroup section */

/* Begin XCBuildConfiguration section */
		AC10BFF91839139A00324068 /* Debug */ = {
			isa = XCBuildConfiguration;
			buildSettings = {
				ALWAYS_SEARCH_USER_PATHS = NO;
				CLANG_CXX_LANGUAGE_STANDARD = "gnu++0x";
				CLANG_CXX_LIBRARY = "libc++";
				CLANG_ENABLE_MODULES = YES;
				CLANG_ENABLE_OBJC_ARC = YES;
				CLANG_WARN_BOOL_CONVERSION = YES;
				CLANG_WARN_CONSTANT_CONVERSION = YES;
				CLANG_WARN_DIRECT_OBJC_ISA_USAGE = YES_ERROR;
				CLANG_WARN_EMPTY_BODY = YES;
				CLANG_WARN_ENUM_CONVERSION = YES;
				CLANG_WARN_INT_CONVERSION = YES;
				CLANG_WARN_OBJC_ROOT_CLASS = YES_ERROR;
				CLANG_WARN__DUPLICATE_METHOD_MATCH = YES;
				"CODE_SIGN_IDENTITY[sdk=iphoneos*]" = "iPhone Developer";
				COPY_PHASE_STRIP = NO;
				GCC_C_LANGUAGE_STANDARD = gnu99;
				GCC_DYNAMIC_NO_PIC = NO;
				GCC_OPTIMIZATION_LEVEL = 0;
				GCC_PREPROCESSOR_DEFINITIONS = (
					SD_WEBP,
					"DEBUG=1",
				);
				GCC_SYMBOLS_PRIVATE_EXTERN = NO;
				GCC_WARN_64_TO_32_BIT_CONVERSION = YES;
				GCC_WARN_ABOUT_RETURN_TYPE = YES_ERROR;
				GCC_WARN_UNDECLARED_SELECTOR = YES;
				GCC_WARN_UNINITIALIZED_AUTOS = YES;
				GCC_WARN_UNUSED_FUNCTION = YES;
				GCC_WARN_UNUSED_VARIABLE = YES;
				IPHONEOS_DEPLOYMENT_TARGET = 7.0;
				ONLY_ACTIVE_ARCH = YES;
				SDKROOT = iphoneos;
			};
			name = Debug;
		};
		AC10BFFA1839139A00324068 /* Release */ = {
			isa = XCBuildConfiguration;
			buildSettings = {
				ALWAYS_SEARCH_USER_PATHS = NO;
				CLANG_CXX_LANGUAGE_STANDARD = "gnu++0x";
				CLANG_CXX_LIBRARY = "libc++";
				CLANG_ENABLE_MODULES = YES;
				CLANG_ENABLE_OBJC_ARC = YES;
				CLANG_WARN_BOOL_CONVERSION = YES;
				CLANG_WARN_CONSTANT_CONVERSION = YES;
				CLANG_WARN_DIRECT_OBJC_ISA_USAGE = YES_ERROR;
				CLANG_WARN_EMPTY_BODY = YES;
				CLANG_WARN_ENUM_CONVERSION = YES;
				CLANG_WARN_INT_CONVERSION = YES;
				CLANG_WARN_OBJC_ROOT_CLASS = YES_ERROR;
				CLANG_WARN__DUPLICATE_METHOD_MATCH = YES;
				"CODE_SIGN_IDENTITY[sdk=iphoneos*]" = "iPhone Developer";
				COPY_PHASE_STRIP = YES;
				ENABLE_NS_ASSERTIONS = NO;
				GCC_C_LANGUAGE_STANDARD = gnu99;
				GCC_PREPROCESSOR_DEFINITIONS = SD_WEBP;
				GCC_WARN_64_TO_32_BIT_CONVERSION = YES;
				GCC_WARN_ABOUT_RETURN_TYPE = YES_ERROR;
				GCC_WARN_UNDECLARED_SELECTOR = YES;
				GCC_WARN_UNINITIALIZED_AUTOS = YES;
				GCC_WARN_UNUSED_FUNCTION = YES;
				GCC_WARN_UNUSED_VARIABLE = YES;
				IPHONEOS_DEPLOYMENT_TARGET = 7.0;
				SDKROOT = iphoneos;
				VALIDATE_PRODUCT = YES;
			};
			name = Release;
		};
		AC10BFFC1839139A00324068 /* Debug */ = {
			isa = XCBuildConfiguration;
			baseConfigurationReference = 4B7866A3B3B444648A647880 /* Pods.xcconfig */;
			buildSettings = {
				ASSETCATALOG_COMPILER_APPICON_NAME = AppIcon;
				ASSETCATALOG_COMPILER_LAUNCHIMAGE_NAME = LaunchImage;
				CODE_SIGN_IDENTITY = "iPhone Developer";
				"CODE_SIGN_IDENTITY[sdk=iphoneos*]" = "iPhone Developer";
				FRAMEWORK_SEARCH_PATHS = (
					"$(inherited)",
					"$(SRCROOT)/Framework",
					"$(PROJECT_DIR)/Framework",
				);
				GCC_PRECOMPILE_PREFIX_HEADER = YES;
				GCC_PREFIX_HEADER = "ChopeLibrary/ChopeLibrary-Prefix.pch";
				INFOPLIST_FILE = "ChopeLibrary/ChopeLibrary-Info.plist";
				IPHONEOS_DEPLOYMENT_TARGET = 7.1;
				PRODUCT_NAME = "$(TARGET_NAME)";
				PROVISIONING_PROFILE = "";
				VALID_ARCHS = "arm64 armv7 armv7s";
				WRAPPER_EXTENSION = app;
			};
			name = Debug;
		};
		AC10BFFD1839139A00324068 /* Release */ = {
			isa = XCBuildConfiguration;
			baseConfigurationReference = 4B7866A3B3B444648A647880 /* Pods.xcconfig */;
			buildSettings = {
				ASSETCATALOG_COMPILER_APPICON_NAME = AppIcon;
				ASSETCATALOG_COMPILER_LAUNCHIMAGE_NAME = LaunchImage;
				CODE_SIGN_IDENTITY = "iPhone Developer";
				"CODE_SIGN_IDENTITY[sdk=iphoneos*]" = "iPhone Developer";
				FRAMEWORK_SEARCH_PATHS = (
					"$(inherited)",
					"$(SRCROOT)/Framework",
					"$(PROJECT_DIR)/Framework",
				);
				GCC_PRECOMPILE_PREFIX_HEADER = YES;
				GCC_PREFIX_HEADER = "ChopeLibrary/ChopeLibrary-Prefix.pch";
				INFOPLIST_FILE = "ChopeLibrary/ChopeLibrary-Info.plist";
				IPHONEOS_DEPLOYMENT_TARGET = 7.1;
				PRODUCT_NAME = "$(TARGET_NAME)";
				PROVISIONING_PROFILE = "";
				VALID_ARCHS = "arm64 armv7 armv7s";
				WRAPPER_EXTENSION = app;
			};
			name = Release;
		};
		AC10BFFF1839139A00324068 /* Debug */ = {
			isa = XCBuildConfiguration;
			buildSettings = {
				BUNDLE_LOADER = "$(BUILT_PRODUCTS_DIR)/ChopeLibrary.app/ChopeLibrary";
				FRAMEWORK_SEARCH_PATHS = (
					"$(SDKROOT)/Developer/Library/Frameworks",
					"$(inherited)",
					"$(DEVELOPER_FRAMEWORKS_DIR)",
				);
				GCC_PRECOMPILE_PREFIX_HEADER = YES;
				GCC_PREFIX_HEADER = "ChopeLibrary/ChopeLibrary-Prefix.pch";
				GCC_PREPROCESSOR_DEFINITIONS = (
					"DEBUG=1",
					"$(inherited)",
				);
				INFOPLIST_FILE = "ChopeLibraryTests/ChopeLibraryTests-Info.plist";
				PRODUCT_NAME = "$(TARGET_NAME)";
				TEST_HOST = "$(BUNDLE_LOADER)";
				WRAPPER_EXTENSION = xctest;
			};
			name = Debug;
		};
		AC10C0001839139A00324068 /* Release */ = {
			isa = XCBuildConfiguration;
			buildSettings = {
				BUNDLE_LOADER = "$(BUILT_PRODUCTS_DIR)/ChopeLibrary.app/ChopeLibrary";
				FRAMEWORK_SEARCH_PATHS = (
					"$(SDKROOT)/Developer/Library/Frameworks",
					"$(inherited)",
					"$(DEVELOPER_FRAMEWORKS_DIR)",
				);
				GCC_PRECOMPILE_PREFIX_HEADER = YES;
				GCC_PREFIX_HEADER = "ChopeLibrary/ChopeLibrary-Prefix.pch";
				INFOPLIST_FILE = "ChopeLibraryTests/ChopeLibraryTests-Info.plist";
				PRODUCT_NAME = "$(TARGET_NAME)";
				TEST_HOST = "$(BUNDLE_LOADER)";
				WRAPPER_EXTENSION = xctest;
			};
			name = Release;
		};
/* End XCBuildConfiguration section */

/* Begin XCConfigurationList section */
		AC10BFC41839139900324068 /* Build configuration list for PBXProject "ChopeLibrary" */ = {
			isa = XCConfigurationList;
			buildConfigurations = (
				AC10BFF91839139A00324068 /* Debug */,
				AC10BFFA1839139A00324068 /* Release */,
			);
			defaultConfigurationIsVisible = 0;
			defaultConfigurationName = Release;
		};
		AC10BFFB1839139A00324068 /* Build configuration list for PBXNativeTarget "ChopeLibrary" */ = {
			isa = XCConfigurationList;
			buildConfigurations = (
				AC10BFFC1839139A00324068 /* Debug */,
				AC10BFFD1839139A00324068 /* Release */,
			);
			defaultConfigurationIsVisible = 0;
			defaultConfigurationName = Release;
		};
		AC10BFFE1839139A00324068 /* Build configuration list for PBXNativeTarget "ChopeLibraryTests" */ = {
			isa = XCConfigurationList;
			buildConfigurations = (
				AC10BFFF1839139A00324068 /* Debug */,
				AC10C0001839139A00324068 /* Release */,
			);
			defaultConfigurationIsVisible = 0;
			defaultConfigurationName = Release;
		};
/* End XCConfigurationList section */
	};
	rootObject = AC10BFC11839139900324068 /* Project object */;
}
